
Microsoft Visual Studio Solution File, Format Version 12.00
# Visual Studio Version 16
VisualStudioVersion = 16.0.29709.97
MinimumVisualStudioVersion = 10.0.40219.1
Project("{2150E333-8FDC-42A3-9474-1A3956D46DE8}") = "Library", "Library", "{CBFA495C-9FB0-4FD0-B48C-A6533BC886D4}"
EndProject
Project("{2150E333-8FDC-42A3-9474-1A3956D46DE8}") = "Windows", "Windows", "{4A218E84-8513-4EB5-B290-3575A336115E}"
EndProject
Project("{8BC9CEB8-8B4A-11D0-8D11-00A0C91BC942}") = "SDEngine", "LibraryProject\Windows\SDEngine\SDEngine.vcxproj", "{91519087-B1B1-4962-A0A3-4C1E8CFF40CE}"
EndProject
Project("{2150E333-8FDC-42A3-9474-1A3956D46DE8}") = "UnitTest", "UnitTest", "{80D2F420-4724-4221-85FA-A2C6523CF4E9}"
EndProject
Project("{2150E333-8FDC-42A3-9474-1A3956D46DE8}") = "Windows", "Windows", "{F0640846-8B42-4026-B513-88B00E0747A6}"
EndProject
Project("{8BC9CEB8-8B4A-11D0-8D11-00A0C91BC942}") = "UnitTest_CommonFunc", "UnitTest\Windows\UnitTest_CommonFunc\UnitTest_CommonFunc.vcxproj", "{826FBE9B-7D78-4275-8E8C-A64B60B9AFB5}"
	ProjectSection(ProjectDependencies) = postProject
		{91519087-B1B1-4962-A0A3-4C1E8CFF40CE} = {91519087-B1B1-4962-A0A3-4C1E8CFF40CE}
	EndProjectSection
EndProject
Project("{8BC9CEB8-8B4A-11D0-8D11-00A0C91BC942}") = "UnitTest_LogManager", "UnitTest\Windows\UnitTest_LogManager\UnitTest_LogManager.vcxproj", "{0781F63E-0726-4931-BD98-0E785B3C9D8C}"
	ProjectSection(ProjectDependencies) = postProject
		{91519087-B1B1-4962-A0A3-4C1E8CFF40CE} = {91519087-B1B1-4962-A0A3-4C1E8CFF40CE}
	EndProjectSection
EndProject
Project("{8BC9CEB8-8B4A-11D0-8D11-00A0C91BC942}") = "SDEngine_GLFWApplication", "LibraryProject\Windows\SDEngine_GLFWApplication\SDEngine_GLFWApplication.vcxproj", "{98030AE2-9A49-45F4-8626-78793B65A22A}"
	ProjectSection(ProjectDependencies) = postProject
		{91519087-B1B1-4962-A0A3-4C1E8CFF40CE} = {91519087-B1B1-4962-A0A3-4C1E8CFF40CE}
	EndProjectSection
EndProject
Project("{8BC9CEB8-8B4A-11D0-8D11-00A0C91BC942}") = "UnitTest_GLFWAppilcation", "UnitTest\Windows\UnitTest_GLFWAppilcation\UnitTest_GLFWAppilcation.vcxproj", "{EBB1BAD0-8901-4B3F-9DE7-6F14C4521A2F}"
	ProjectSection(ProjectDependencies) = postProject
		{91519087-B1B1-4962-A0A3-4C1E8CFF40CE} = {91519087-B1B1-4962-A0A3-4C1E8CFF40CE}
		{98030AE2-9A49-45F4-8626-78793B65A22A} = {98030AE2-9A49-45F4-8626-78793B65A22A}
	EndProjectSection
EndProject
Project("{8BC9CEB8-8B4A-11D0-8D11-00A0C91BC942}") = "UnitTest_FileSystem", "UnitTest\Windows\UnitTest_FileSystem\UnitTest_FileSystem.vcxproj", "{94F46022-87F2-4F99-AD8D-A95C5B0870C6}"
	ProjectSection(ProjectDependencies) = postProject
		{91519087-B1B1-4962-A0A3-4C1E8CFF40CE} = {91519087-B1B1-4962-A0A3-4C1E8CFF40CE}
		{98030AE2-9A49-45F4-8626-78793B65A22A} = {98030AE2-9A49-45F4-8626-78793B65A22A}
	EndProjectSection
EndProject
Project("{8BC9CEB8-8B4A-11D0-8D11-00A0C91BC942}") = "UnitTest_SharedAndWeakPtr", "UnitTest\Windows\UnitTest_SharedAndWeakPtr\UnitTest_SharedAndWeakPtr.vcxproj", "{13DDDEEC-8DD5-4FF9-AD04-7C53E07F8FB1}"
	ProjectSection(ProjectDependencies) = postProject
		{91519087-B1B1-4962-A0A3-4C1E8CFF40CE} = {91519087-B1B1-4962-A0A3-4C1E8CFF40CE}
		{98030AE2-9A49-45F4-8626-78793B65A22A} = {98030AE2-9A49-45F4-8626-78793B65A22A}
	EndProjectSection
EndProject
Project("{8BC9CEB8-8B4A-11D0-8D11-00A0C91BC942}") = "UnitTest_EventSlotSystem", "UnitTest\Windows\UnitTest_EventSlotSystem\UnitTest_EventSlotSystem.vcxproj", "{2F24D1CB-DA8E-43ED-8B99-B84CDD2C2A43}"
	ProjectSection(ProjectDependencies) = postProject
		{91519087-B1B1-4962-A0A3-4C1E8CFF40CE} = {91519087-B1B1-4962-A0A3-4C1E8CFF40CE}
		{98030AE2-9A49-45F4-8626-78793B65A22A} = {98030AE2-9A49-45F4-8626-78793B65A22A}
	EndProjectSection
EndProject
Project("{8BC9CEB8-8B4A-11D0-8D11-00A0C91BC942}") = "UnitTest_WindowsApplication", "UnitTest\Windows\UnitTest_WindowsApplication\UnitTest_WindowsApplication.vcxproj", "{C5E5A416-2DA6-4553-9434-3B67C15DB2DC}"
	ProjectSection(ProjectDependencies) = postProject
		{91519087-B1B1-4962-A0A3-4C1E8CFF40CE} = {91519087-B1B1-4962-A0A3-4C1E8CFF40CE}
	EndProjectSection
EndProject
Project("{2150E333-8FDC-42A3-9474-1A3956D46DE8}") = "UnitTest_GraphicsAPI", "UnitTest_GraphicsAPI", "{13722F64-C977-4180-AB8B-CEB3600C4BE0}"
EndProject
Project("{2150E333-8FDC-42A3-9474-1A3956D46DE8}") = "Windows", "Windows", "{35CA8864-0D53-4C5C-8D58-A40126A60F86}"
EndProject
Project("{8BC9CEB8-8B4A-11D0-8D11-00A0C91BC942}") = "UnitTest_VulkanAPI", "UnitTest_GraphicsAPI\Windows\UnitTest_VulkanAPI\UnitTest_VulkanAPI.vcxproj", "{98ED0BEB-A954-4EE4-AA56-B3645574F3FD}"
	ProjectSection(ProjectDependencies) = postProject
		{91519087-B1B1-4962-A0A3-4C1E8CFF40CE} = {91519087-B1B1-4962-A0A3-4C1E8CFF40CE}
		{98030AE2-9A49-45F4-8626-78793B65A22A} = {98030AE2-9A49-45F4-8626-78793B65A22A}
	EndProjectSection
EndProject
Project("{8BC9CEB8-8B4A-11D0-8D11-00A0C91BC942}") = "UnitTest_MathTest", "UnitTest\Windows\UnitTest_MathTest\UnitTest_MathTest.vcxproj", "{48CCB863-0241-415B-94E2-C3406E7A670C}"
	ProjectSection(ProjectDependencies) = postProject
		{91519087-B1B1-4962-A0A3-4C1E8CFF40CE} = {91519087-B1B1-4962-A0A3-4C1E8CFF40CE}
	EndProjectSection
EndProject
Project("{2150E333-8FDC-42A3-9474-1A3956D46DE8}") = "Android", "Android", "{E2FC5B21-5F73-450D-BF49-AF3241D7CED7}"
EndProject
Project("{8BC9CEB8-8B4A-11D0-8D11-00A0C91BC942}") = "SDEngine", "LibraryProject\SDEngine\SDEngine.vcxitems", "{5B2A5908-1A6B-4A51-BF36-3C9513BF58C5}"
EndProject
Project("{8BC9CEB8-8B4A-11D0-8D11-00A0C91BC942}") = "SDEngine", "LibraryProject\Android\SDEngine\SDEngine.vcxproj", "{AD998961-99D3-430B-AF01-B11DED5D6E9F}"
EndProject
Project("{8BC9CEB8-8B4A-11D0-8D11-00A0C91BC942}") = "SDEngine_AndroidApplication", "LibraryProject\Android\SDEngine_AndroidApplication\SDEngine_AndroidApplication.vcxproj", "{6BFF10D0-86E0-4FEF-A0A0-9ABFA7B4D80B}"
	ProjectSection(ProjectDependencies) = postProject
		{AD998961-99D3-430B-AF01-B11DED5D6E9F} = {AD998961-99D3-430B-AF01-B11DED5D6E9F}
	EndProjectSection
EndProject
Project("{8BC9CEB8-8B4A-11D0-8D11-00A0C91BC942}") = "UnitTest_FeatureDeveloping", "UnitTest\Windows\UnitTest_FeatureDeveloping\UnitTest_FeatureDeveloping.vcxproj", "{3495CE82-BDC5-4B3F-8B69-15B7BF72DCBF}"
	ProjectSection(ProjectDependencies) = postProject
		{91519087-B1B1-4962-A0A3-4C1E8CFF40CE} = {91519087-B1B1-4962-A0A3-4C1E8CFF40CE}
		{98030AE2-9A49-45F4-8626-78793B65A22A} = {98030AE2-9A49-45F4-8626-78793B65A22A}
	EndProjectSection
EndProject
Project("{8BC9CEB8-8B4A-11D0-8D11-00A0C91BC942}") = "UnitTest_ECSSystem", "UnitTest\Windows\UnitTest_ECSSystem\UnitTest_ECSSystem.vcxproj", "{6E9E127E-12EC-48A9-AD54-F3200B7C790D}"
EndProject
Global
	GlobalSection(SharedMSBuildProjectFiles) = preSolution
		LibraryProject\SDEngine\SDEngine.vcxitems*{5b2a5908-1a6b-4a51-bf36-3c9513bf58c5}*SharedItemsImports = 9
		LibraryProject\SDEngine\SDEngine.vcxitems*{91519087-b1b1-4962-a0a3-4c1e8cff40ce}*SharedItemsImports = 4
		LibraryProject\SDEngine\SDEngine.vcxitems*{ad998961-99d3-430b-af01-b11ded5d6e9f}*SharedItemsImports = 4
	EndGlobalSection
	GlobalSection(SolutionConfigurationPlatforms) = preSolution
		Debug|ARM = Debug|ARM
		Debug|ARM64 = Debug|ARM64
		Debug|x64 = Debug|x64
		Debug|x86 = Debug|x86
		Release|ARM = Release|ARM
		Release|ARM64 = Release|ARM64
		Release|x64 = Release|x64
		Release|x86 = Release|x86
	EndGlobalSection
	GlobalSection(ProjectConfigurationPlatforms) = postSolution
		{91519087-B1B1-4962-A0A3-4C1E8CFF40CE}.Debug|ARM.ActiveCfg = Debug|Win32
		{91519087-B1B1-4962-A0A3-4C1E8CFF40CE}.Debug|ARM64.ActiveCfg = Debug|Win32
		{91519087-B1B1-4962-A0A3-4C1E8CFF40CE}.Debug|x64.ActiveCfg = Debug|x64
		{91519087-B1B1-4962-A0A3-4C1E8CFF40CE}.Debug|x64.Build.0 = Debug|x64
		{91519087-B1B1-4962-A0A3-4C1E8CFF40CE}.Debug|x86.ActiveCfg = Debug|Win32
		{91519087-B1B1-4962-A0A3-4C1E8CFF40CE}.Debug|x86.Build.0 = Debug|Win32
		{91519087-B1B1-4962-A0A3-4C1E8CFF40CE}.Release|ARM.ActiveCfg = Release|Win32
		{91519087-B1B1-4962-A0A3-4C1E8CFF40CE}.Release|ARM64.ActiveCfg = Release|Win32
		{91519087-B1B1-4962-A0A3-4C1E8CFF40CE}.Release|x64.ActiveCfg = Release|x64
		{91519087-B1B1-4962-A0A3-4C1E8CFF40CE}.Release|x64.Build.0 = Release|x64
		{91519087-B1B1-4962-A0A3-4C1E8CFF40CE}.Release|x86.ActiveCfg = Release|Win32
		{91519087-B1B1-4962-A0A3-4C1E8CFF40CE}.Release|x86.Build.0 = Release|Win32
		{826FBE9B-7D78-4275-8E8C-A64B60B9AFB5}.Debug|ARM.ActiveCfg = Debug|Win32
		{826FBE9B-7D78-4275-8E8C-A64B60B9AFB5}.Debug|ARM64.ActiveCfg = Debug|Win32
		{826FBE9B-7D78-4275-8E8C-A64B60B9AFB5}.Debug|x64.ActiveCfg = Debug|x64
		{826FBE9B-7D78-4275-8E8C-A64B60B9AFB5}.Debug|x64.Build.0 = Debug|x64
		{826FBE9B-7D78-4275-8E8C-A64B60B9AFB5}.Debug|x86.ActiveCfg = Debug|Win32
		{826FBE9B-7D78-4275-8E8C-A64B60B9AFB5}.Debug|x86.Build.0 = Debug|Win32
		{826FBE9B-7D78-4275-8E8C-A64B60B9AFB5}.Release|ARM.ActiveCfg = Release|Win32
		{826FBE9B-7D78-4275-8E8C-A64B60B9AFB5}.Release|ARM64.ActiveCfg = Release|Win32
		{826FBE9B-7D78-4275-8E8C-A64B60B9AFB5}.Release|x64.ActiveCfg = Release|x64
		{826FBE9B-7D78-4275-8E8C-A64B60B9AFB5}.Release|x64.Build.0 = Release|x64
		{826FBE9B-7D78-4275-8E8C-A64B60B9AFB5}.Release|x86.ActiveCfg = Release|Win32
		{826FBE9B-7D78-4275-8E8C-A64B60B9AFB5}.Release|x86.Build.0 = Release|Win32
		{0781F63E-0726-4931-BD98-0E785B3C9D8C}.Debug|ARM.ActiveCfg = Debug|Win32
		{0781F63E-0726-4931-BD98-0E785B3C9D8C}.Debug|ARM64.ActiveCfg = Debug|Win32
		{0781F63E-0726-4931-BD98-0E785B3C9D8C}.Debug|x64.ActiveCfg = Debug|x64
		{0781F63E-0726-4931-BD98-0E785B3C9D8C}.Debug|x64.Build.0 = Debug|x64
		{0781F63E-0726-4931-BD98-0E785B3C9D8C}.Debug|x86.ActiveCfg = Debug|Win32
		{0781F63E-0726-4931-BD98-0E785B3C9D8C}.Debug|x86.Build.0 = Debug|Win32
		{0781F63E-0726-4931-BD98-0E785B3C9D8C}.Release|ARM.ActiveCfg = Release|Win32
		{0781F63E-0726-4931-BD98-0E785B3C9D8C}.Release|ARM64.ActiveCfg = Release|Win32
		{0781F63E-0726-4931-BD98-0E785B3C9D8C}.Release|x64.ActiveCfg = Release|x64
		{0781F63E-0726-4931-BD98-0E785B3C9D8C}.Release|x64.Build.0 = Release|x64
		{0781F63E-0726-4931-BD98-0E785B3C9D8C}.Release|x86.ActiveCfg = Release|Win32
		{0781F63E-0726-4931-BD98-0E785B3C9D8C}.Release|x86.Build.0 = Release|Win32
		{98030AE2-9A49-45F4-8626-78793B65A22A}.Debug|ARM.ActiveCfg = Debug|Win32
		{98030AE2-9A49-45F4-8626-78793B65A22A}.Debug|ARM64.ActiveCfg = Debug|Win32
		{98030AE2-9A49-45F4-8626-78793B65A22A}.Debug|x64.ActiveCfg = Debug|x64
		{98030AE2-9A49-45F4-8626-78793B65A22A}.Debug|x64.Build.0 = Debug|x64
		{98030AE2-9A49-45F4-8626-78793B65A22A}.Debug|x86.ActiveCfg = Debug|Win32
		{98030AE2-9A49-45F4-8626-78793B65A22A}.Debug|x86.Build.0 = Debug|Win32
		{98030AE2-9A49-45F4-8626-78793B65A22A}.Release|ARM.ActiveCfg = Release|Win32
		{98030AE2-9A49-45F4-8626-78793B65A22A}.Release|ARM64.ActiveCfg = Release|Win32
		{98030AE2-9A49-45F4-8626-78793B65A22A}.Release|x64.ActiveCfg = Release|x64
		{98030AE2-9A49-45F4-8626-78793B65A22A}.Release|x64.Build.0 = Release|x64
		{98030AE2-9A49-45F4-8626-78793B65A22A}.Release|x86.ActiveCfg = Release|Win32
		{98030AE2-9A49-45F4-8626-78793B65A22A}.Release|x86.Build.0 = Release|Win32
		{EBB1BAD0-8901-4B3F-9DE7-6F14C4521A2F}.Debug|ARM.ActiveCfg = Debug|Win32
		{EBB1BAD0-8901-4B3F-9DE7-6F14C4521A2F}.Debug|ARM64.ActiveCfg = Debug|Win32
		{EBB1BAD0-8901-4B3F-9DE7-6F14C4521A2F}.Debug|x64.ActiveCfg = Debug|x64
		{EBB1BAD0-8901-4B3F-9DE7-6F14C4521A2F}.Debug|x64.Build.0 = Debug|x64
		{EBB1BAD0-8901-4B3F-9DE7-6F14C4521A2F}.Debug|x86.ActiveCfg = Debug|Win32
		{EBB1BAD0-8901-4B3F-9DE7-6F14C4521A2F}.Debug|x86.Build.0 = Debug|Win32
		{EBB1BAD0-8901-4B3F-9DE7-6F14C4521A2F}.Release|ARM.ActiveCfg = Release|Win32
		{EBB1BAD0-8901-4B3F-9DE7-6F14C4521A2F}.Release|ARM64.ActiveCfg = Release|Win32
		{EBB1BAD0-8901-4B3F-9DE7-6F14C4521A2F}.Release|x64.ActiveCfg = Release|x64
		{EBB1BAD0-8901-4B3F-9DE7-6F14C4521A2F}.Release|x64.Build.0 = Release|x64
		{EBB1BAD0-8901-4B3F-9DE7-6F14C4521A2F}.Release|x86.ActiveCfg = Release|Win32
		{EBB1BAD0-8901-4B3F-9DE7-6F14C4521A2F}.Release|x86.Build.0 = Release|Win32
		{94F46022-87F2-4F99-AD8D-A95C5B0870C6}.Debug|ARM.ActiveCfg = Debug|Win32
		{94F46022-87F2-4F99-AD8D-A95C5B0870C6}.Debug|ARM64.ActiveCfg = Debug|Win32
		{94F46022-87F2-4F99-AD8D-A95C5B0870C6}.Debug|x64.ActiveCfg = Debug|x64
		{94F46022-87F2-4F99-AD8D-A95C5B0870C6}.Debug|x64.Build.0 = Debug|x64
		{94F46022-87F2-4F99-AD8D-A95C5B0870C6}.Debug|x86.ActiveCfg = Debug|Win32
		{94F46022-87F2-4F99-AD8D-A95C5B0870C6}.Debug|x86.Build.0 = Debug|Win32
		{94F46022-87F2-4F99-AD8D-A95C5B0870C6}.Release|ARM.ActiveCfg = Release|Win32
		{94F46022-87F2-4F99-AD8D-A95C5B0870C6}.Release|ARM64.ActiveCfg = Release|Win32
		{94F46022-87F2-4F99-AD8D-A95C5B0870C6}.Release|x64.ActiveCfg = Release|x64
		{94F46022-87F2-4F99-AD8D-A95C5B0870C6}.Release|x64.Build.0 = Release|x64
		{94F46022-87F2-4F99-AD8D-A95C5B0870C6}.Release|x86.ActiveCfg = Release|Win32
		{94F46022-87F2-4F99-AD8D-A95C5B0870C6}.Release|x86.Build.0 = Release|Win32
		{13DDDEEC-8DD5-4FF9-AD04-7C53E07F8FB1}.Debug|ARM.ActiveCfg = Debug|Win32
		{13DDDEEC-8DD5-4FF9-AD04-7C53E07F8FB1}.Debug|ARM64.ActiveCfg = Debug|Win32
		{13DDDEEC-8DD5-4FF9-AD04-7C53E07F8FB1}.Debug|x64.ActiveCfg = Debug|x64
		{13DDDEEC-8DD5-4FF9-AD04-7C53E07F8FB1}.Debug|x64.Build.0 = Debug|x64
		{13DDDEEC-8DD5-4FF9-AD04-7C53E07F8FB1}.Debug|x86.ActiveCfg = Debug|Win32
		{13DDDEEC-8DD5-4FF9-AD04-7C53E07F8FB1}.Debug|x86.Build.0 = Debug|Win32
		{13DDDEEC-8DD5-4FF9-AD04-7C53E07F8FB1}.Release|ARM.ActiveCfg = Release|Win32
		{13DDDEEC-8DD5-4FF9-AD04-7C53E07F8FB1}.Release|ARM64.ActiveCfg = Release|Win32
		{13DDDEEC-8DD5-4FF9-AD04-7C53E07F8FB1}.Release|x64.ActiveCfg = Release|x64
		{13DDDEEC-8DD5-4FF9-AD04-7C53E07F8FB1}.Release|x64.Build.0 = Release|x64
		{13DDDEEC-8DD5-4FF9-AD04-7C53E07F8FB1}.Release|x86.ActiveCfg = Release|Win32
		{13DDDEEC-8DD5-4FF9-AD04-7C53E07F8FB1}.Release|x86.Build.0 = Release|Win32
		{2F24D1CB-DA8E-43ED-8B99-B84CDD2C2A43}.Debug|ARM.ActiveCfg = Debug|Win32
		{2F24D1CB-DA8E-43ED-8B99-B84CDD2C2A43}.Debug|ARM64.ActiveCfg = Debug|Win32
		{2F24D1CB-DA8E-43ED-8B99-B84CDD2C2A43}.Debug|x64.ActiveCfg = Debug|x64
		{2F24D1CB-DA8E-43ED-8B99-B84CDD2C2A43}.Debug|x64.Build.0 = Debug|x64
		{2F24D1CB-DA8E-43ED-8B99-B84CDD2C2A43}.Debug|x86.ActiveCfg = Debug|Win32
		{2F24D1CB-DA8E-43ED-8B99-B84CDD2C2A43}.Debug|x86.Build.0 = Debug|Win32
		{2F24D1CB-DA8E-43ED-8B99-B84CDD2C2A43}.Release|ARM.ActiveCfg = Release|Win32
		{2F24D1CB-DA8E-43ED-8B99-B84CDD2C2A43}.Release|ARM64.ActiveCfg = Release|Win32
		{2F24D1CB-DA8E-43ED-8B99-B84CDD2C2A43}.Release|x64.ActiveCfg = Release|x64
		{2F24D1CB-DA8E-43ED-8B99-B84CDD2C2A43}.Release|x64.Build.0 = Release|x64
		{2F24D1CB-DA8E-43ED-8B99-B84CDD2C2A43}.Release|x86.ActiveCfg = Release|Win32
		{2F24D1CB-DA8E-43ED-8B99-B84CDD2C2A43}.Release|x86.Build.0 = Release|Win32
		{C5E5A416-2DA6-4553-9434-3B67C15DB2DC}.Debug|ARM.ActiveCfg = Debug|Win32
		{C5E5A416-2DA6-4553-9434-3B67C15DB2DC}.Debug|ARM64.ActiveCfg = Debug|Win32
		{C5E5A416-2DA6-4553-9434-3B67C15DB2DC}.Debug|x64.ActiveCfg = Debug|x64
		{C5E5A416-2DA6-4553-9434-3B67C15DB2DC}.Debug|x64.Build.0 = Debug|x64
		{C5E5A416-2DA6-4553-9434-3B67C15DB2DC}.Debug|x86.ActiveCfg = Debug|Win32
		{C5E5A416-2DA6-4553-9434-3B67C15DB2DC}.Debug|x86.Build.0 = Debug|Win32
		{C5E5A416-2DA6-4553-9434-3B67C15DB2DC}.Release|ARM.ActiveCfg = Release|Win32
		{C5E5A416-2DA6-4553-9434-3B67C15DB2DC}.Release|ARM64.ActiveCfg = Release|Win32
		{C5E5A416-2DA6-4553-9434-3B67C15DB2DC}.Release|x64.ActiveCfg = Release|x64
		{C5E5A416-2DA6-4553-9434-3B67C15DB2DC}.Release|x64.Build.0 = Release|x64
		{C5E5A416-2DA6-4553-9434-3B67C15DB2DC}.Release|x86.ActiveCfg = Release|Win32
		{C5E5A416-2DA6-4553-9434-3B67C15DB2DC}.Release|x86.Build.0 = Release|Win32
		{98ED0BEB-A954-4EE4-AA56-B3645574F3FD}.Debug|ARM.ActiveCfg = Debug|Win32
		{98ED0BEB-A954-4EE4-AA56-B3645574F3FD}.Debug|ARM64.ActiveCfg = Debug|Win32
		{98ED0BEB-A954-4EE4-AA56-B3645574F3FD}.Debug|x64.ActiveCfg = Debug|x64
		{98ED0BEB-A954-4EE4-AA56-B3645574F3FD}.Debug|x64.Build.0 = Debug|x64
		{98ED0BEB-A954-4EE4-AA56-B3645574F3FD}.Debug|x86.ActiveCfg = Debug|Win32
		{98ED0BEB-A954-4EE4-AA56-B3645574F3FD}.Debug|x86.Build.0 = Debug|Win32
		{98ED0BEB-A954-4EE4-AA56-B3645574F3FD}.Release|ARM.ActiveCfg = Release|Win32
		{98ED0BEB-A954-4EE4-AA56-B3645574F3FD}.Release|ARM64.ActiveCfg = Release|Win32
		{98ED0BEB-A954-4EE4-AA56-B3645574F3FD}.Release|x64.ActiveCfg = Release|x64
		{98ED0BEB-A954-4EE4-AA56-B3645574F3FD}.Release|x64.Build.0 = Release|x64
		{98ED0BEB-A954-4EE4-AA56-B3645574F3FD}.Release|x86.ActiveCfg = Release|Win32
		{98ED0BEB-A954-4EE4-AA56-B3645574F3FD}.Release|x86.Build.0 = Release|Win32
		{48CCB863-0241-415B-94E2-C3406E7A670C}.Debug|ARM.ActiveCfg = Debug|Win32
		{48CCB863-0241-415B-94E2-C3406E7A670C}.Debug|ARM64.ActiveCfg = Debug|Win32
		{48CCB863-0241-415B-94E2-C3406E7A670C}.Debug|x64.ActiveCfg = Debug|x64
		{48CCB863-0241-415B-94E2-C3406E7A670C}.Debug|x64.Build.0 = Debug|x64
		{48CCB863-0241-415B-94E2-C3406E7A670C}.Debug|x86.ActiveCfg = Debug|Win32
		{48CCB863-0241-415B-94E2-C3406E7A670C}.Debug|x86.Build.0 = Debug|Win32
		{48CCB863-0241-415B-94E2-C3406E7A670C}.Release|ARM.ActiveCfg = Release|Win32
		{48CCB863-0241-415B-94E2-C3406E7A670C}.Release|ARM64.ActiveCfg = Release|Win32
		{48CCB863-0241-415B-94E2-C3406E7A670C}.Release|x64.ActiveCfg = Release|x64
		{48CCB863-0241-415B-94E2-C3406E7A670C}.Release|x64.Build.0 = Release|x64
		{48CCB863-0241-415B-94E2-C3406E7A670C}.Release|x86.ActiveCfg = Release|Win32
		{48CCB863-0241-415B-94E2-C3406E7A670C}.Release|x86.Build.0 = Release|Win32
		{AD998961-99D3-430B-AF01-B11DED5D6E9F}.Debug|ARM.ActiveCfg = Debug|ARM
		{AD998961-99D3-430B-AF01-B11DED5D6E9F}.Debug|ARM.Build.0 = Debug|ARM
		{AD998961-99D3-430B-AF01-B11DED5D6E9F}.Debug|ARM64.ActiveCfg = Debug|ARM64
		{AD998961-99D3-430B-AF01-B11DED5D6E9F}.Debug|ARM64.Build.0 = Debug|ARM64
		{AD998961-99D3-430B-AF01-B11DED5D6E9F}.Debug|x64.ActiveCfg = Debug|x64
		{AD998961-99D3-430B-AF01-B11DED5D6E9F}.Debug|x86.ActiveCfg = Debug|x86
		{AD998961-99D3-430B-AF01-B11DED5D6E9F}.Release|ARM.ActiveCfg = Release|ARM
		{AD998961-99D3-430B-AF01-B11DED5D6E9F}.Release|ARM.Build.0 = Release|ARM
		{AD998961-99D3-430B-AF01-B11DED5D6E9F}.Release|ARM64.ActiveCfg = Release|ARM64
		{AD998961-99D3-430B-AF01-B11DED5D6E9F}.Release|ARM64.Build.0 = Release|ARM64
		{AD998961-99D3-430B-AF01-B11DED5D6E9F}.Release|x64.ActiveCfg = Release|x64
		{AD998961-99D3-430B-AF01-B11DED5D6E9F}.Release|x86.ActiveCfg = Release|x86
		{6BFF10D0-86E0-4FEF-A0A0-9ABFA7B4D80B}.Debug|ARM.ActiveCfg = Debug|ARM
		{6BFF10D0-86E0-4FEF-A0A0-9ABFA7B4D80B}.Debug|ARM.Build.0 = Debug|ARM
		{6BFF10D0-86E0-4FEF-A0A0-9ABFA7B4D80B}.Debug|ARM64.ActiveCfg = Debug|ARM64
		{6BFF10D0-86E0-4FEF-A0A0-9ABFA7B4D80B}.Debug|ARM64.Build.0 = Debug|ARM64
		{6BFF10D0-86E0-4FEF-A0A0-9ABFA7B4D80B}.Debug|x64.ActiveCfg = Debug|x64
		{6BFF10D0-86E0-4FEF-A0A0-9ABFA7B4D80B}.Debug|x86.ActiveCfg = Debug|x86
		{6BFF10D0-86E0-4FEF-A0A0-9ABFA7B4D80B}.Debug|x86.Build.0 = Debug|x86
		{6BFF10D0-86E0-4FEF-A0A0-9ABFA7B4D80B}.Release|ARM.ActiveCfg = Release|ARM
		{6BFF10D0-86E0-4FEF-A0A0-9ABFA7B4D80B}.Release|ARM.Build.0 = Release|ARM
		{6BFF10D0-86E0-4FEF-A0A0-9ABFA7B4D80B}.Release|ARM64.ActiveCfg = Release|ARM64
		{6BFF10D0-86E0-4FEF-A0A0-9ABFA7B4D80B}.Release|ARM64.Build.0 = Release|ARM64
		{6BFF10D0-86E0-4FEF-A0A0-9ABFA7B4D80B}.Release|x64.ActiveCfg = Release|x64
		{6BFF10D0-86E0-4FEF-A0A0-9ABFA7B4D80B}.Release|x86.ActiveCfg = Release|x86
		{6BFF10D0-86E0-4FEF-A0A0-9ABFA7B4D80B}.Release|x86.Build.0 = Release|x86
		{3495CE82-BDC5-4B3F-8B69-15B7BF72DCBF}.Debug|ARM.ActiveCfg = Debug|Win32
		{3495CE82-BDC5-4B3F-8B69-15B7BF72DCBF}.Debug|ARM64.ActiveCfg = Debug|Win32
		{3495CE82-BDC5-4B3F-8B69-15B7BF72DCBF}.Debug|x64.ActiveCfg = Debug|x64
		{3495CE82-BDC5-4B3F-8B69-15B7BF72DCBF}.Debug|x64.Build.0 = Debug|x64
		{3495CE82-BDC5-4B3F-8B69-15B7BF72DCBF}.Debug|x86.ActiveCfg = Debug|Win32
		{3495CE82-BDC5-4B3F-8B69-15B7BF72DCBF}.Debug|x86.Build.0 = Debug|Win32
		{3495CE82-BDC5-4B3F-8B69-15B7BF72DCBF}.Release|ARM.ActiveCfg = Release|Win32
		{3495CE82-BDC5-4B3F-8B69-15B7BF72DCBF}.Release|ARM64.ActiveCfg = Release|Win32
		{3495CE82-BDC5-4B3F-8B69-15B7BF72DCBF}.Release|x64.ActiveCfg = Release|x64
		{3495CE82-BDC5-4B3F-8B69-15B7BF72DCBF}.Release|x64.Build.0 = Release|x64
		{3495CE82-BDC5-4B3F-8B69-15B7BF72DCBF}.Release|x86.ActiveCfg = Release|Win32
		{3495CE82-BDC5-4B3F-8B69-15B7BF72DCBF}.Release|x86.Build.0 = Release|Win32
		{6E9E127E-12EC-48A9-AD54-F3200B7C790D}.Debug|ARM.ActiveCfg = Debug|Win32
		{6E9E127E-12EC-48A9-AD54-F3200B7C790D}.Debug|ARM64.ActiveCfg = Debug|Win32
		{6E9E127E-12EC-48A9-AD54-F3200B7C790D}.Debug|x64.ActiveCfg = Debug|x64
		{6E9E127E-12EC-48A9-AD54-F3200B7C790D}.Debug|x64.Build.0 = Debug|x64
		{6E9E127E-12EC-48A9-AD54-F3200B7C790D}.Debug|x86.ActiveCfg = Debug|Win32
		{6E9E127E-12EC-48A9-AD54-F3200B7C790D}.Debug|x86.Build.0 = Debug|Win32
		{6E9E127E-12EC-48A9-AD54-F3200B7C790D}.Release|ARM.ActiveCfg = Release|Win32
		{6E9E127E-12EC-48A9-AD54-F3200B7C790D}.Release|ARM64.ActiveCfg = Release|Win32
		{6E9E127E-12EC-48A9-AD54-F3200B7C790D}.Release|x64.ActiveCfg = Release|x64
		{6E9E127E-12EC-48A9-AD54-F3200B7C790D}.Release|x64.Build.0 = Release|x64
		{6E9E127E-12EC-48A9-AD54-F3200B7C790D}.Release|x86.ActiveCfg = Release|Win32
		{6E9E127E-12EC-48A9-AD54-F3200B7C790D}.Release|x86.Build.0 = Release|Win32
	EndGlobalSection
	GlobalSection(SolutionProperties) = preSolution
		HideSolutionNode = FALSE
	EndGlobalSection
	GlobalSection(NestedProjects) = preSolution
		{4A218E84-8513-4EB5-B290-3575A336115E} = {CBFA495C-9FB0-4FD0-B48C-A6533BC886D4}
		{91519087-B1B1-4962-A0A3-4C1E8CFF40CE} = {4A218E84-8513-4EB5-B290-3575A336115E}
		{F0640846-8B42-4026-B513-88B00E0747A6} = {80D2F420-4724-4221-85FA-A2C6523CF4E9}
		{826FBE9B-7D78-4275-8E8C-A64B60B9AFB5} = {F0640846-8B42-4026-B513-88B00E0747A6}
		{0781F63E-0726-4931-BD98-0E785B3C9D8C} = {F0640846-8B42-4026-B513-88B00E0747A6}
		{98030AE2-9A49-45F4-8626-78793B65A22A} = {4A218E84-8513-4EB5-B290-3575A336115E}
		{EBB1BAD0-8901-4B3F-9DE7-6F14C4521A2F} = {F0640846-8B42-4026-B513-88B00E0747A6}
		{94F46022-87F2-4F99-AD8D-A95C5B0870C6} = {F0640846-8B42-4026-B513-88B00E0747A6}
		{13DDDEEC-8DD5-4FF9-AD04-7C53E07F8FB1} = {F0640846-8B42-4026-B513-88B00E0747A6}
		{2F24D1CB-DA8E-43ED-8B99-B84CDD2C2A43} = {F0640846-8B42-4026-B513-88B00E0747A6}
		{C5E5A416-2DA6-4553-9434-3B67C15DB2DC} = {F0640846-8B42-4026-B513-88B00E0747A6}
		{35CA8864-0D53-4C5C-8D58-A40126A60F86} = {13722F64-C977-4180-AB8B-CEB3600C4BE0}
		{98ED0BEB-A954-4EE4-AA56-B3645574F3FD} = {35CA8864-0D53-4C5C-8D58-A40126A60F86}
		{48CCB863-0241-415B-94E2-C3406E7A670C} = {F0640846-8B42-4026-B513-88B00E0747A6}
		{E2FC5B21-5F73-450D-BF49-AF3241D7CED7} = {CBFA495C-9FB0-4FD0-B48C-A6533BC886D4}
		{5B2A5908-1A6B-4A51-BF36-3C9513BF58C5} = {CBFA495C-9FB0-4FD0-B48C-A6533BC886D4}
		{AD998961-99D3-430B-AF01-B11DED5D6E9F} = {E2FC5B21-5F73-450D-BF49-AF3241D7CED7}
		{6BFF10D0-86E0-4FEF-A0A0-9ABFA7B4D80B} = {E2FC5B21-5F73-450D-BF49-AF3241D7CED7}
		{3495CE82-BDC5-4B3F-8B69-15B7BF72DCBF} = {F0640846-8B42-4026-B513-88B00E0747A6}
		{6E9E127E-12EC-48A9-AD54-F3200B7C790D} = {F0640846-8B42-4026-B513-88B00E0747A6}
	EndGlobalSection
	GlobalSection(ExtensibilityGlobals) = postSolution
		SolutionGuid = {7720D377-96CE-4A38-9F57-91348F8F4682}
	EndGlobalSection
EndGlobal
