<?xml version="1.0" encoding="utf-8"?>
<Project ToolsVersion="4.0" xmlns="http://schemas.microsoft.com/developer/msbuild/2003">
  <ItemGroup>
    <Filter Include="include">
      <UniqueIdentifier>{6163d505-5877-47d8-9365-c5413af4c9ef}</UniqueIdentifier>
    </Filter>
    <Filter Include="include\Basic">
      <UniqueIdentifier>{cde7c48f-3bf1-4362-b42d-553531aaea3f}</UniqueIdentifier>
    </Filter>
    <Filter Include="include\Basic\LogManager">
      <UniqueIdentifier>{7ae4251a-7d69-41ea-9f5b-4e9b56a8a67f}</UniqueIdentifier>
    </Filter>
    <Filter Include="include\Basic\LogManager\Windows">
      <UniqueIdentifier>{488a66f4-c7fd-4a89-afd5-776892763a71}</UniqueIdentifier>
    </Filter>
    <Filter Include="include\Basic\Application">
      <UniqueIdentifier>{301607f9-16c2-4c00-baa3-845af46ba93b}</UniqueIdentifier>
    </Filter>
    <Filter Include="include\Basic\Timer">
      <UniqueIdentifier>{2251215c-3bbe-4f49-a26f-5a6c6d5cec7c}</UniqueIdentifier>
    </Filter>
    <Filter Include="include\Basic\Timer\Windows">
      <UniqueIdentifier>{bc2bbae7-f214-4270-982a-d29fcca3dd6b}</UniqueIdentifier>
    </Filter>
    <Filter Include="include\Basic\FileSystem">
      <UniqueIdentifier>{a6efd34c-d754-4fc9-9d85-e03ca73c535b}</UniqueIdentifier>
    </Filter>
    <Filter Include="include\Basic\FileSystem\Android">
      <UniqueIdentifier>{5d874f2b-21f6-41f8-b7eb-cdb44dc7c01f}</UniqueIdentifier>
    </Filter>
    <Filter Include="include\Basic\Object">
      <UniqueIdentifier>{add25369-9fcb-4f9c-8dc6-4480c19abf8a}</UniqueIdentifier>
    </Filter>
    <Filter Include="include\Basic\EventSystem">
      <UniqueIdentifier>{0783b7b0-7bef-420b-af5a-f9308096d35d}</UniqueIdentifier>
    </Filter>
    <Filter Include="include\Graphics">
      <UniqueIdentifier>{8ea1893d-cc20-4178-97c6-9d73ceb4e4c0}</UniqueIdentifier>
    </Filter>
    <Filter Include="include\Graphics\Resolution">
      <UniqueIdentifier>{6a30756d-5e13-4dc4-b6e9-b61523040cf0}</UniqueIdentifier>
    </Filter>
    <Filter Include="include\Graphics\Manager">
      <UniqueIdentifier>{8f930df2-e9c7-467a-95f3-151a6a5afd5c}</UniqueIdentifier>
    </Filter>
    <Filter Include="include\Graphics\Manager\OpenGL4">
      <UniqueIdentifier>{2ff7d995-8dbc-428c-bcdf-802c966b371f}</UniqueIdentifier>
    </Filter>
    <Filter Include="include\Graphics\Manager\Vulkan">
      <UniqueIdentifier>{8923c596-24dc-47d4-9a6b-3dec66f54635}</UniqueIdentifier>
    </Filter>
    <Filter Include="include\Graphics\Vec">
      <UniqueIdentifier>{ed1f1e1d-c392-4455-96f3-6566a689c72c}</UniqueIdentifier>
    </Filter>
    <Filter Include="include\Graphics\ManagerParam">
      <UniqueIdentifier>{ba4b88e2-bd71-4d38-a438-6bd145a3958c}</UniqueIdentifier>
    </Filter>
    <Filter Include="include\Graphics\ManagerParam\Vulkan">
      <UniqueIdentifier>{a9649cb8-e292-4190-9a70-95d43a844a49}</UniqueIdentifier>
    </Filter>
    <Filter Include="include\Graphics\ManagerParam\OpenGL4">
      <UniqueIdentifier>{f999f8c2-cbb6-4a1c-9c6b-11599ab9b97a}</UniqueIdentifier>
    </Filter>
    <Filter Include="include\Graphics\VertexBuffer">
      <UniqueIdentifier>{ede0a85b-a851-473e-b1e7-b08e813c68b6}</UniqueIdentifier>
    </Filter>
    <Filter Include="include\Graphics\ManagerIdentity">
      <UniqueIdentifier>{f14d731e-b1d1-4574-b631-2fb200e35420}</UniqueIdentifier>
    </Filter>
    <Filter Include="include\Graphics\ImageLoader">
      <UniqueIdentifier>{e90ebd2e-90a0-4858-b5b0-00786d9a42e0}</UniqueIdentifier>
    </Filter>
    <Filter Include="include\Graphics\ImageLoader\Windows">
      <UniqueIdentifier>{cf67ea22-8490-453c-9cab-8ec43a35eeeb}</UniqueIdentifier>
    </Filter>
    <Filter Include="include\Graphics\Texture">
      <UniqueIdentifier>{e1b369c6-541c-4332-811f-c6efee5283c4}</UniqueIdentifier>
    </Filter>
    <Filter Include="include\Graphics\ModelImporter">
      <UniqueIdentifier>{e26989d3-a9b9-45e4-b25e-17c2002db074}</UniqueIdentifier>
    </Filter>
    <Filter Include="include\Graphics\Mesh">
      <UniqueIdentifier>{cd650ccc-7ae8-48d3-bebf-a6d6fb087a7d}</UniqueIdentifier>
    </Filter>
    <Filter Include="include\Graphics\Material">
      <UniqueIdentifier>{371aed8f-26e7-49ef-a9bc-c5a79f0c766f}</UniqueIdentifier>
    </Filter>
    <Filter Include="include\Graphics\RenderFlow">
      <UniqueIdentifier>{a6b59bfb-26e3-403c-85d4-0d3a83b5ef3e}</UniqueIdentifier>
    </Filter>
    <Filter Include="include\Math">
      <UniqueIdentifier>{2cfa445c-2713-4e71-8f99-5c51860072e3}</UniqueIdentifier>
    </Filter>
    <Filter Include="src">
      <UniqueIdentifier>{7868a70b-df10-4340-b839-1b39aac093ad}</UniqueIdentifier>
    </Filter>
    <Filter Include="src\Basic">
      <UniqueIdentifier>{8606e7a3-b4a4-46cd-b697-c685b8ffad71}</UniqueIdentifier>
    </Filter>
    <Filter Include="src\Basic\LogManager">
      <UniqueIdentifier>{1b427bb2-ed87-48f0-86fe-448bf00265c0}</UniqueIdentifier>
    </Filter>
    <Filter Include="src\Basic\LogManager\Windows">
      <UniqueIdentifier>{e84a1567-2bc2-46e3-af7e-1dc55d2034de}</UniqueIdentifier>
    </Filter>
    <Filter Include="src\Basic\Application">
      <UniqueIdentifier>{b19a5edb-ac8f-48eb-85e0-afeabb423844}</UniqueIdentifier>
    </Filter>
    <Filter Include="src\Basic\Timer">
      <UniqueIdentifier>{2bc63fb1-c807-46a8-ab3f-f6f921621b16}</UniqueIdentifier>
    </Filter>
    <Filter Include="src\Basic\Timer\Windows">
      <UniqueIdentifier>{1d3e090c-2977-46c9-bd79-ced3f8b17c04}</UniqueIdentifier>
    </Filter>
    <Filter Include="src\Basic\Object">
      <UniqueIdentifier>{e7da355c-b835-4af8-8776-287bc74086ae}</UniqueIdentifier>
    </Filter>
    <Filter Include="src\Basic\EventSystem">
      <UniqueIdentifier>{1f9f9e19-78b6-4d6c-a315-6aa862d9e814}</UniqueIdentifier>
    </Filter>
    <Filter Include="src\Basic\FileSystem">
      <UniqueIdentifier>{ba80850c-a97f-49c4-b396-98ce88188c14}</UniqueIdentifier>
    </Filter>
    <Filter Include="src\Basic\FileSystem\Windows">
      <UniqueIdentifier>{4fb75aa1-62dd-49f0-8102-fd35bda08510}</UniqueIdentifier>
    </Filter>
    <Filter Include="src\Math">
      <UniqueIdentifier>{b5ee6d96-df5e-4e8b-bfd3-753457b81b71}</UniqueIdentifier>
    </Filter>
    <Filter Include="src\Graphics">
      <UniqueIdentifier>{94f8d863-b520-4fb9-b33b-0830399288f9}</UniqueIdentifier>
    </Filter>
    <Filter Include="src\Graphics\Manager">
      <UniqueIdentifier>{83cc4e63-9669-4420-9c1a-b82c4eb0e147}</UniqueIdentifier>
    </Filter>
    <Filter Include="src\Graphics\Manager\OpenGL4">
      <UniqueIdentifier>{a2765341-f921-4e31-85d0-57579a946b1c}</UniqueIdentifier>
    </Filter>
    <Filter Include="src\Graphics\Manager\Vulkan">
      <UniqueIdentifier>{1a68ac9e-db13-413c-8559-f52b290e272a}</UniqueIdentifier>
    </Filter>
    <Filter Include="src\Graphics\Vec">
      <UniqueIdentifier>{68a50b4a-7af0-4d30-878a-3e7f65703459}</UniqueIdentifier>
    </Filter>
    <Filter Include="src\Graphics\ManagerParam">
      <UniqueIdentifier>{fed725bb-c7dc-41e7-acce-08fa2a23dae0}</UniqueIdentifier>
    </Filter>
    <Filter Include="src\Graphics\ManagerParam\Vulkan">
      <UniqueIdentifier>{f265588c-947e-4148-9768-5e86131c5a2b}</UniqueIdentifier>
    </Filter>
    <Filter Include="src\Graphics\ManagerParam\OpenGL4">
      <UniqueIdentifier>{ead7b6cd-4f1b-4b5c-a86d-751bf4693c74}</UniqueIdentifier>
    </Filter>
    <Filter Include="src\Graphics\VertexBuffer">
      <UniqueIdentifier>{c38b420a-51a9-452a-b226-821baedb779b}</UniqueIdentifier>
    </Filter>
    <Filter Include="src\Graphics\ManagerIdentity">
      <UniqueIdentifier>{ad64146e-81da-4d1c-978f-1229c2e19be6}</UniqueIdentifier>
    </Filter>
    <Filter Include="src\Graphics\ImageLoader">
      <UniqueIdentifier>{8ed310de-6ee0-4df3-800e-3ac95a48f662}</UniqueIdentifier>
    </Filter>
    <Filter Include="src\Graphics\ImageLoader\Windows">
      <UniqueIdentifier>{7a1095f9-ac70-4f52-bbcf-7bf2eac7db9b}</UniqueIdentifier>
    </Filter>
    <Filter Include="src\Graphics\Texture">
      <UniqueIdentifier>{74e755bf-39e4-40cc-8ad6-d0009dd72a1c}</UniqueIdentifier>
    </Filter>
    <Filter Include="src\Graphics\ModelImporter">
      <UniqueIdentifier>{86141ead-0f42-4a1d-bb4a-c463afc6d5a8}</UniqueIdentifier>
    </Filter>
    <Filter Include="src\Graphics\Mesh">
      <UniqueIdentifier>{a4991221-af27-43df-befe-bc544afc3bbc}</UniqueIdentifier>
    </Filter>
    <Filter Include="src\Graphics\Material">
      <UniqueIdentifier>{453c793f-c073-43cd-b045-69cbf0b39341}</UniqueIdentifier>
    </Filter>
    <Filter Include="src\Graphics\RenderFlow">
      <UniqueIdentifier>{49edced2-e2ed-464e-b0a4-06460a1a972e}</UniqueIdentifier>
    </Filter>
  </ItemGroup>
  <ItemGroup>
    <ClInclude Include="..\..\..\SourceCode\include\SDEngine.h">
      <Filter>include</Filter>
    </ClInclude>
    <ClInclude Include="..\..\..\SourceCode\include\SDEngineCommonFunction.h">
      <Filter>include</Filter>
    </ClInclude>
    <ClInclude Include="..\..\..\SourceCode\include\SDEngineCommonType.h">
      <Filter>include</Filter>
    </ClInclude>
    <ClInclude Include="..\..\..\SourceCode\include\SDEngineMacro.h">
      <Filter>include</Filter>
    </ClInclude>
    <ClInclude Include="..\..\..\SourceCode\include\SDEnginePlatform.h">
      <Filter>include</Filter>
    </ClInclude>
    <ClInclude Include="..\..\..\SourceCode\include\Basic\LogManager\LogManager.h">
      <Filter>include\Basic\LogManager</Filter>
    </ClInclude>
    <ClInclude Include="..\..\..\SourceCode\include\Basic\LogManager\Windows\WindowsLogManager.h">
      <Filter>include\Basic\LogManager\Windows</Filter>
    </ClInclude>
    <ClInclude Include="..\..\..\SourceCode\include\Basic\Application\Application.h">
      <Filter>include\Basic\Application</Filter>
    </ClInclude>
    <ClInclude Include="..\..\..\SourceCode\include\Basic\Timer\Timer.h">
      <Filter>include\Basic\Timer</Filter>
    </ClInclude>
    <ClInclude Include="..\..\..\SourceCode\include\Basic\Timer\Windows\WindowsTimer.h">
      <Filter>include\Basic\Timer\Windows</Filter>
    </ClInclude>
    <ClInclude Include="..\..\..\SourceCode\include\Basic\FileSystem\FileData.h">
      <Filter>include\Basic\FileSystem</Filter>
    </ClInclude>
    <ClInclude Include="..\..\..\SourceCode\include\Basic\FileSystem\FileSystemManager.h">
      <Filter>include\Basic\FileSystem</Filter>
    </ClInclude>
    <ClInclude Include="..\..\..\SourceCode\include\Basic\Object\NullRefException.h">
      <Filter>include\Basic\Object</Filter>
    </ClInclude>
    <ClInclude Include="..\..\..\SourceCode\include\Basic\Object\Object.h">
      <Filter>include\Basic\Object</Filter>
    </ClInclude>
    <ClInclude Include="..\..\..\SourceCode\include\Basic\Object\StrongReferenceObject.h">
      <Filter>include\Basic\Object</Filter>
    </ClInclude>
    <ClInclude Include="..\..\..\SourceCode\include\Basic\Object\WeakReferenceObject.h">
      <Filter>include\Basic\Object</Filter>
    </ClInclude>
    <ClInclude Include="..\..\..\SourceCode\include\Basic\EventSystem\Event.h">
      <Filter>include\Basic\EventSystem</Filter>
    </ClInclude>
    <ClInclude Include="..\..\..\SourceCode\include\Basic\EventSystem\EventArg.h">
      <Filter>include\Basic\EventSystem</Filter>
    </ClInclude>
    <ClInclude Include="..\..\..\SourceCode\include\Basic\EventSystem\EventObject.h">
      <Filter>include\Basic\EventSystem</Filter>
    </ClInclude>
    <ClInclude Include="..\..\..\SourceCode\include\Basic\EventSystem\FunctionSlot.h">
      <Filter>include\Basic\EventSystem</Filter>
    </ClInclude>
    <ClInclude Include="..\..\..\SourceCode\include\Graphics\Resolution\Resolution.h">
      <Filter>include\Graphics\Resolution</Filter>
    </ClInclude>
    <ClInclude Include="..\..\..\SourceCode\include\Graphics\Manager\GraphicsManager.h">
      <Filter>include\Graphics\Manager</Filter>
    </ClInclude>
    <ClInclude Include="..\..\..\SourceCode\include\Graphics\Manager\OpenGL4\OpenGL4Manager.h">
      <Filter>include\Graphics\Manager\OpenGL4</Filter>
    </ClInclude>
    <ClInclude Include="..\..\..\SourceCode\include\Graphics\Manager\Vulkan\VulkanCreationArg.h">
      <Filter>include\Graphics\Manager\Vulkan</Filter>
    </ClInclude>
    <ClInclude Include="..\..\..\SourceCode\include\Graphics\Manager\Vulkan\VulkanManager.h">
      <Filter>include\Graphics\Manager\Vulkan</Filter>
    </ClInclude>
    <ClInclude Include="..\..\..\SourceCode\include\Graphics\Vec\Color4f.h">
      <Filter>include\Graphics\Vec</Filter>
    </ClInclude>
    <ClInclude Include="..\..\..\SourceCode\include\Graphics\Vec\Vec.h">
      <Filter>include\Graphics\Vec</Filter>
    </ClInclude>
    <ClInclude Include="..\..\..\SourceCode\include\Graphics\ManagerParam\AttachmentOperator.h">
      <Filter>include\Graphics\ManagerParam</Filter>
    </ClInclude>
    <ClInclude Include="..\..\..\SourceCode\include\Graphics\ManagerParam\BitmapPixelDataType.h">
      <Filter>include\Graphics\ManagerParam</Filter>
    </ClInclude>
    <ClInclude Include="..\..\..\SourceCode\include\Graphics\ManagerParam\BlendFactor.h">
      <Filter>include\Graphics\ManagerParam</Filter>
    </ClInclude>
    <ClInclude Include="..\..\..\SourceCode\include\Graphics\ManagerParam\BlendOperator.h">
      <Filter>include\Graphics\ManagerParam</Filter>
    </ClInclude>
    <ClInclude Include="..\..\..\SourceCode\include\Graphics\ManagerParam\CompareOperator.h">
      <Filter>include\Graphics\ManagerParam</Filter>
    </ClInclude>
    <ClInclude Include="..\..\..\SourceCode\include\Graphics\ManagerParam\DependencyScope.h">
      <Filter>include\Graphics\ManagerParam</Filter>
    </ClInclude>
    <ClInclude Include="..\..\..\SourceCode\include\Graphics\ManagerParam\DynamicState.h">
      <Filter>include\Graphics\ManagerParam</Filter>
    </ClInclude>
    <ClInclude Include="..\..\..\SourceCode\include\Graphics\ManagerParam\FaceCulling.h">
      <Filter>include\Graphics\ManagerParam</Filter>
    </ClInclude>
    <ClInclude Include="..\..\..\SourceCode\include\Graphics\ManagerParam\FrontFaceMode.h">
      <Filter>include\Graphics\ManagerParam</Filter>
    </ClInclude>
    <ClInclude Include="..\..\..\SourceCode\include\Graphics\ManagerParam\ImageLayout.h">
      <Filter>include\Graphics\ManagerParam</Filter>
    </ClInclude>
    <ClInclude Include="..\..\..\SourceCode\include\Graphics\ManagerParam\LogicOperator.h">
      <Filter>include\Graphics\ManagerParam</Filter>
    </ClInclude>
    <ClInclude Include="..\..\..\SourceCode\include\Graphics\ManagerParam\ManagerParam.h">
      <Filter>include\Graphics\ManagerParam</Filter>
    </ClInclude>
    <ClInclude Include="..\..\..\SourceCode\include\Graphics\ManagerParam\MemoryAccessMask.h">
      <Filter>include\Graphics\ManagerParam</Filter>
    </ClInclude>
    <ClInclude Include="..\..\..\SourceCode\include\Graphics\ManagerParam\PipelineBindPoint.h">
      <Filter>include\Graphics\ManagerParam</Filter>
    </ClInclude>
    <ClInclude Include="..\..\..\SourceCode\include\Graphics\ManagerParam\PipelineStage.h">
      <Filter>include\Graphics\ManagerParam</Filter>
    </ClInclude>
    <ClInclude Include="..\..\..\SourceCode\include\Graphics\ManagerParam\PolygonMode.h">
      <Filter>include\Graphics\ManagerParam</Filter>
    </ClInclude>
    <ClInclude Include="..\..\..\SourceCode\include\Graphics\ManagerParam\Primitive.h">
      <Filter>include\Graphics\ManagerParam</Filter>
    </ClInclude>
    <ClInclude Include="..\..\..\SourceCode\include\Graphics\ManagerParam\SampleCount.h">
      <Filter>include\Graphics\ManagerParam</Filter>
    </ClInclude>
    <ClInclude Include="..\..\..\SourceCode\include\Graphics\ManagerParam\SamplerBorderColorType.h">
      <Filter>include\Graphics\ManagerParam</Filter>
    </ClInclude>
    <ClInclude Include="..\..\..\SourceCode\include\Graphics\ManagerParam\SamplerFilterType.h">
      <Filter>include\Graphics\ManagerParam</Filter>
    </ClInclude>
    <ClInclude Include="..\..\..\SourceCode\include\Graphics\ManagerParam\SamplerMipmapMode.h">
      <Filter>include\Graphics\ManagerParam</Filter>
    </ClInclude>
    <ClInclude Include="..\..\..\SourceCode\include\Graphics\ManagerParam\SamplerWrapMode.h">
      <Filter>include\Graphics\ManagerParam</Filter>
    </ClInclude>
    <ClInclude Include="..\..\..\SourceCode\include\Graphics\ManagerParam\ShaderKind.h">
      <Filter>include\Graphics\ManagerParam</Filter>
    </ClInclude>
    <ClInclude Include="..\..\..\SourceCode\include\Graphics\ManagerParam\StencilOperator.h">
      <Filter>include\Graphics\ManagerParam</Filter>
    </ClInclude>
    <ClInclude Include="..\..\..\SourceCode\include\Graphics\ManagerParam\TextureFormat.h">
      <Filter>include\Graphics\ManagerParam</Filter>
    </ClInclude>
    <ClInclude Include="..\..\..\SourceCode\include\Graphics\ManagerParam\TextureType.h">
      <Filter>include\Graphics\ManagerParam</Filter>
    </ClInclude>
    <ClInclude Include="..\..\..\SourceCode\include\Graphics\ManagerParam\VertexBufferFormat.h">
      <Filter>include\Graphics\ManagerParam</Filter>
    </ClInclude>
    <ClInclude Include="..\..\..\SourceCode\include\Graphics\ManagerParam\VertexBufferMemoryType.h">
      <Filter>include\Graphics\ManagerParam</Filter>
    </ClInclude>
    <ClInclude Include="..\..\..\SourceCode\include\Graphics\ManagerParam\VertexBufferUsage.h">
      <Filter>include\Graphics\ManagerParam</Filter>
    </ClInclude>
    <ClInclude Include="..\..\..\SourceCode\include\Graphics\ManagerParam\VertexInputRate.h">
      <Filter>include\Graphics\ManagerParam</Filter>
    </ClInclude>
    <ClInclude Include="..\..\..\SourceCode\include\Graphics\ManagerParam\Vulkan\AttachmentOperator_Vulkan.h">
      <Filter>include\Graphics\ManagerParam\Vulkan</Filter>
    </ClInclude>
    <ClInclude Include="..\..\..\SourceCode\include\Graphics\ManagerParam\Vulkan\BlendFactor_Vulkan.h">
      <Filter>include\Graphics\ManagerParam\Vulkan</Filter>
    </ClInclude>
    <ClInclude Include="..\..\..\SourceCode\include\Graphics\ManagerParam\Vulkan\BlendOperator_Vulkan.h">
      <Filter>include\Graphics\ManagerParam\Vulkan</Filter>
    </ClInclude>
    <ClInclude Include="..\..\..\SourceCode\include\Graphics\ManagerParam\Vulkan\CompareOp_Vulkan.h">
      <Filter>include\Graphics\ManagerParam\Vulkan</Filter>
    </ClInclude>
    <ClInclude Include="..\..\..\SourceCode\include\Graphics\ManagerParam\Vulkan\DependencyScope_Vulkan.h">
      <Filter>include\Graphics\ManagerParam\Vulkan</Filter>
    </ClInclude>
    <ClInclude Include="..\..\..\SourceCode\include\Graphics\ManagerParam\Vulkan\DynamicState_Vulkan.h">
      <Filter>include\Graphics\ManagerParam\Vulkan</Filter>
    </ClInclude>
    <ClInclude Include="..\..\..\SourceCode\include\Graphics\ManagerParam\Vulkan\FaceCulling_Vulkan.h">
      <Filter>include\Graphics\ManagerParam\Vulkan</Filter>
    </ClInclude>
    <ClInclude Include="..\..\..\SourceCode\include\Graphics\ManagerParam\Vulkan\FrontFaceMode_Vulkan.h">
      <Filter>include\Graphics\ManagerParam\Vulkan</Filter>
    </ClInclude>
    <ClInclude Include="..\..\..\SourceCode\include\Graphics\ManagerParam\Vulkan\ImageLayout_Vulkan.h">
      <Filter>include\Graphics\ManagerParam\Vulkan</Filter>
    </ClInclude>
    <ClInclude Include="..\..\..\SourceCode\include\Graphics\ManagerParam\Vulkan\LogicOperator_Vulkan.h">
      <Filter>include\Graphics\ManagerParam\Vulkan</Filter>
    </ClInclude>
    <ClInclude Include="..\..\..\SourceCode\include\Graphics\ManagerParam\Vulkan\MemoryAccessMask_Vulkan.h">
      <Filter>include\Graphics\ManagerParam\Vulkan</Filter>
    </ClInclude>
    <ClInclude Include="..\..\..\SourceCode\include\Graphics\ManagerParam\Vulkan\PipelineBindPoint_Vulkan.h">
      <Filter>include\Graphics\ManagerParam\Vulkan</Filter>
    </ClInclude>
    <ClInclude Include="..\..\..\SourceCode\include\Graphics\ManagerParam\Vulkan\PipelineStage_Vulkan.h">
      <Filter>include\Graphics\ManagerParam\Vulkan</Filter>
    </ClInclude>
    <ClInclude Include="..\..\..\SourceCode\include\Graphics\ManagerParam\Vulkan\PolygonMode_Vulkan.h">
      <Filter>include\Graphics\ManagerParam\Vulkan</Filter>
    </ClInclude>
    <ClInclude Include="..\..\..\SourceCode\include\Graphics\ManagerParam\Vulkan\Primitive_Vulkan.h">
      <Filter>include\Graphics\ManagerParam\Vulkan</Filter>
    </ClInclude>
    <ClInclude Include="..\..\..\SourceCode\include\Graphics\ManagerParam\Vulkan\SampleCount_Vulkan.h">
      <Filter>include\Graphics\ManagerParam\Vulkan</Filter>
    </ClInclude>
    <ClInclude Include="..\..\..\SourceCode\include\Graphics\ManagerParam\Vulkan\SamplerBorderColorType_Vulkan.h">
      <Filter>include\Graphics\ManagerParam\Vulkan</Filter>
    </ClInclude>
    <ClInclude Include="..\..\..\SourceCode\include\Graphics\ManagerParam\Vulkan\SamplerFilterType_Vulkan.h">
      <Filter>include\Graphics\ManagerParam\Vulkan</Filter>
    </ClInclude>
    <ClInclude Include="..\..\..\SourceCode\include\Graphics\ManagerParam\Vulkan\SamplerMipmapMode_Vulkan.h">
      <Filter>include\Graphics\ManagerParam\Vulkan</Filter>
    </ClInclude>
    <ClInclude Include="..\..\..\SourceCode\include\Graphics\ManagerParam\Vulkan\SamplerWrapMode_Vulkan.h">
      <Filter>include\Graphics\ManagerParam\Vulkan</Filter>
    </ClInclude>
    <ClInclude Include="..\..\..\SourceCode\include\Graphics\ManagerParam\Vulkan\ShaderKind_Vulkan.h">
      <Filter>include\Graphics\ManagerParam\Vulkan</Filter>
    </ClInclude>
    <ClInclude Include="..\..\..\SourceCode\include\Graphics\ManagerParam\Vulkan\StencilOperator_Vulkan.h">
      <Filter>include\Graphics\ManagerParam\Vulkan</Filter>
    </ClInclude>
    <ClInclude Include="..\..\..\SourceCode\include\Graphics\ManagerParam\Vulkan\TextureFormat_Vulkan.h">
      <Filter>include\Graphics\ManagerParam\Vulkan</Filter>
    </ClInclude>
    <ClInclude Include="..\..\..\SourceCode\include\Graphics\ManagerParam\Vulkan\TextureType_Vulkan.h">
      <Filter>include\Graphics\ManagerParam\Vulkan</Filter>
    </ClInclude>
    <ClInclude Include="..\..\..\SourceCode\include\Graphics\ManagerParam\Vulkan\VertexBufferFormat_Vulkan.h">
      <Filter>include\Graphics\ManagerParam\Vulkan</Filter>
    </ClInclude>
    <ClInclude Include="..\..\..\SourceCode\include\Graphics\ManagerParam\Vulkan\VertexInputRate_Vulkan.h">
      <Filter>include\Graphics\ManagerParam\Vulkan</Filter>
    </ClInclude>
    <ClInclude Include="..\..\..\SourceCode\include\Graphics\VertexBuffer\DynamicVertexBuffer.h">
      <Filter>include\Graphics\VertexBuffer</Filter>
    </ClInclude>
    <ClInclude Include="..\..\..\SourceCode\include\Graphics\VertexBuffer\StaticVertexBuffer.h">
      <Filter>include\Graphics\VertexBuffer</Filter>
    </ClInclude>
    <ClInclude Include="..\..\..\SourceCode\include\Graphics\VertexBuffer\VertexBuffer.h">
      <Filter>include\Graphics\VertexBuffer</Filter>
    </ClInclude>
    <ClInclude Include="..\..\..\SourceCode\include\Graphics\ManagerIdentity\GraphicsPipelineIdentity.h">
      <Filter>include\Graphics\ManagerIdentity</Filter>
    </ClInclude>
    <ClInclude Include="..\..\..\SourceCode\include\Graphics\ManagerIdentity\ManagerIdentity.h">
      <Filter>include\Graphics\ManagerIdentity</Filter>
    </ClInclude>
    <ClInclude Include="..\..\..\SourceCode\include\Graphics\ManagerIdentity\RenderPassIdentity.h">
      <Filter>include\Graphics\ManagerIdentity</Filter>
    </ClInclude>
    <ClInclude Include="..\..\..\SourceCode\include\Graphics\ManagerIdentity\SamplerIdentity.h">
      <Filter>include\Graphics\ManagerIdentity</Filter>
    </ClInclude>
    <ClInclude Include="..\..\..\SourceCode\include\Graphics\ManagerIdentity\ShaderModuleIdentity.h">
      <Filter>include\Graphics\ManagerIdentity</Filter>
    </ClInclude>
    <ClInclude Include="..\..\..\SourceCode\include\Graphics\ManagerIdentity\TextureIdentity.h">
      <Filter>include\Graphics\ManagerIdentity</Filter>
    </ClInclude>
    <ClInclude Include="..\..\..\SourceCode\include\Graphics\ManagerIdentity\VertexBufferIdentity.h">
      <Filter>include\Graphics\ManagerIdentity</Filter>
    </ClInclude>
    <ClInclude Include="..\..\..\SourceCode\include\Graphics\ImageLoader\Bitmap.h">
      <Filter>include\Graphics\ImageLoader</Filter>
    </ClInclude>
    <ClInclude Include="..\..\..\SourceCode\include\Graphics\ImageLoader\ImageLoader.h">
      <Filter>include\Graphics\ImageLoader</Filter>
    </ClInclude>
    <ClInclude Include="..\..\..\SourceCode\include\Graphics\ImageLoader\Windows\WindowsImageLoader.h">
      <Filter>include\Graphics\ImageLoader\Windows</Filter>
    </ClInclude>
    <ClInclude Include="..\..\..\SourceCode\include\Graphics\Texture\Texture.h">
      <Filter>include\Graphics\Texture</Filter>
    </ClInclude>
    <ClInclude Include="..\..\..\SourceCode\include\Graphics\ModelImporter\AssimpLogWarpper.h">
      <Filter>include\Graphics\ModelImporter</Filter>
    </ClInclude>
    <ClInclude Include="..\..\..\SourceCode\include\Graphics\ModelImporter\AssimpModelLoader.h">
      <Filter>include\Graphics\ModelImporter</Filter>
    </ClInclude>
    <ClInclude Include="..\..\..\SourceCode\include\Graphics\ModelImporter\MaterialData.h">
      <Filter>include\Graphics\ModelImporter</Filter>
    </ClInclude>
    <ClInclude Include="..\..\..\SourceCode\include\Graphics\ModelImporter\MeshData.h">
      <Filter>include\Graphics\ModelImporter</Filter>
    </ClInclude>
    <ClInclude Include="..\..\..\SourceCode\include\Graphics\ModelImporter\ModelData.h">
      <Filter>include\Graphics\ModelImporter</Filter>
    </ClInclude>
    <ClInclude Include="..\..\..\SourceCode\include\Graphics\Mesh\Mesh.h">
      <Filter>include\Graphics\Mesh</Filter>
    </ClInclude>
    <ClInclude Include="..\..\..\SourceCode\include\Graphics\Material\BasicParameter.h">
      <Filter>include\Graphics\Material</Filter>
    </ClInclude>
    <ClInclude Include="..\..\..\SourceCode\include\Graphics\Material\BasicTextures.h">
      <Filter>include\Graphics\Material</Filter>
    </ClInclude>
    <ClInclude Include="..\..\..\SourceCode\include\Graphics\Material\LightParameter.h">
      <Filter>include\Graphics\Material</Filter>
    </ClInclude>
    <ClInclude Include="..\..\..\SourceCode\include\Graphics\Material\MaterialParameter.h">
      <Filter>include\Graphics\Material</Filter>
    </ClInclude>
    <ClInclude Include="..\..\..\SourceCode\include\Graphics\RenderFlow\AttachmentDescription.h">
      <Filter>include\Graphics\RenderFlow</Filter>
    </ClInclude>
    <ClInclude Include="..\..\..\SourceCode\include\Graphics\RenderFlow\AttachmentReference.h">
      <Filter>include\Graphics\RenderFlow</Filter>
    </ClInclude>
    <ClInclude Include="..\..\..\SourceCode\include\Graphics\RenderFlow\GraphicsPipeline.h">
      <Filter>include\Graphics\RenderFlow</Filter>
    </ClInclude>
    <ClInclude Include="..\..\..\SourceCode\include\Graphics\RenderFlow\GraphicsPipelineParam.h">
      <Filter>include\Graphics\RenderFlow</Filter>
    </ClInclude>
    <ClInclude Include="..\..\..\SourceCode\include\Graphics\RenderFlow\RenderPass.h">
      <Filter>include\Graphics\RenderFlow</Filter>
    </ClInclude>
    <ClInclude Include="..\..\..\SourceCode\include\Graphics\RenderFlow\ShaderModule.h">
      <Filter>include\Graphics\RenderFlow</Filter>
    </ClInclude>
    <ClInclude Include="..\..\..\SourceCode\include\Graphics\RenderFlow\SubpassDependency.h">
      <Filter>include\Graphics\RenderFlow</Filter>
    </ClInclude>
    <ClInclude Include="..\..\..\SourceCode\include\Graphics\RenderFlow\SubpassDescription.h">
      <Filter>include\Graphics\RenderFlow</Filter>
    </ClInclude>
    <ClInclude Include="..\..\..\SourceCode\include\Graphics\RenderFlow\VertexAttribDescription.h">
      <Filter>include\Graphics\RenderFlow</Filter>
    </ClInclude>
    <ClInclude Include="..\..\..\SourceCode\include\Math\MathConstant.h">
      <Filter>include\Math</Filter>
    </ClInclude>
    <ClInclude Include="..\..\..\SourceCode\include\Math\Matrix4X4f.h">
      <Filter>include\Math</Filter>
    </ClInclude>
    <ClInclude Include="..\..\..\SourceCode\include\Math\Quaternion.h">
      <Filter>include\Math</Filter>
    </ClInclude>
    <ClInclude Include="..\..\..\SourceCode\include\Math\Transform.h">
      <Filter>include\Math</Filter>
    </ClInclude>
    <ClInclude Include="..\..\..\SourceCode\include\Math\Vector3f.h">
      <Filter>include\Math</Filter>
    </ClInclude>
  </ItemGroup>
  <ItemGroup>
    <ClCompile Include="..\..\..\SourceCode\src\SDEngineCommonFunction.cpp">
      <Filter>src</Filter>
    </ClCompile>
    <ClCompile Include="..\..\..\SourceCode\src\Basic\LogManager\LogManager.cpp">
      <Filter>src\Basic\LogManager</Filter>
    </ClCompile>
    <ClCompile Include="..\..\..\SourceCode\src\Basic\LogManager\Windows\WindowsLogManager.cpp">
      <Filter>src\Basic\LogManager\Windows</Filter>
    </ClCompile>
    <ClCompile Include="..\..\..\SourceCode\src\Basic\Application\Application.cpp">
      <Filter>src\Basic\Application</Filter>
    </ClCompile>
    <ClCompile Include="..\..\..\SourceCode\src\Basic\Timer\Timer.cpp">
      <Filter>src\Basic\Timer</Filter>
    </ClCompile>
    <ClCompile Include="..\..\..\SourceCode\src\Basic\Timer\Windows\WindowsTimer.cpp">
      <Filter>src\Basic\Timer\Windows</Filter>
    </ClCompile>
    <ClCompile Include="..\..\..\SourceCode\src\Basic\Object\Object.cpp">
      <Filter>src\Basic\Object</Filter>
    </ClCompile>
    <ClCompile Include="..\..\..\SourceCode\src\Basic\EventSystem\Event.cpp">
      <Filter>src\Basic\EventSystem</Filter>
    </ClCompile>
    <ClCompile Include="..\..\..\SourceCode\src\Basic\EventSystem\EventArg.cpp">
      <Filter>src\Basic\EventSystem</Filter>
    </ClCompile>
    <ClCompile Include="..\..\..\SourceCode\src\Basic\EventSystem\EventObject.cpp">
      <Filter>src\Basic\EventSystem</Filter>
    </ClCompile>
    <ClCompile Include="..\..\..\SourceCode\src\Basic\EventSystem\FunctionSlot.cpp">
      <Filter>src\Basic\EventSystem</Filter>
    </ClCompile>
    <ClCompile Include="..\..\..\SourceCode\src\Basic\FileSystem\FileData.cpp">
      <Filter>src\Basic\FileSystem</Filter>
    </ClCompile>
    <ClCompile Include="..\..\..\SourceCode\src\Basic\FileSystem\FileSystemManager.cpp">
      <Filter>src\Basic\FileSystem</Filter>
    </ClCompile>
    <ClCompile Include="..\..\..\SourceCode\src\Basic\FileSystem\Windows\WindowsFileSystemManager.cpp">
      <Filter>src\Basic\FileSystem\Windows</Filter>
    </ClCompile>
    <ClCompile Include="..\..\..\SourceCode\src\Math\Matrix4X4f.cpp">
      <Filter>src\Math</Filter>
    </ClCompile>
    <ClCompile Include="..\..\..\SourceCode\src\Math\Quaternion.cpp">
      <Filter>src\Math</Filter>
    </ClCompile>
    <ClCompile Include="..\..\..\SourceCode\src\Math\Transform.cpp">
      <Filter>src\Math</Filter>
    </ClCompile>
    <ClCompile Include="..\..\..\SourceCode\src\Math\Vector3f.cpp">
      <Filter>src\Math</Filter>
    </ClCompile>
    <ClCompile Include="..\..\..\SourceCode\src\Graphics\Manager\GraphicsManager.cpp">
      <Filter>src\Graphics\Manager</Filter>
    </ClCompile>
    <ClCompile Include="..\..\..\SourceCode\src\Graphics\Manager\OpenGL4\OpenGL4Manager.cpp">
      <Filter>src\Graphics\Manager\OpenGL4</Filter>
    </ClCompile>
    <ClCompile Include="..\..\..\SourceCode\src\Graphics\Manager\OpenGL4\OpenGL4Manager_PrintInformation.cpp">
      <Filter>src\Graphics\Manager\OpenGL4</Filter>
    </ClCompile>
    <ClCompile Include="..\..\..\SourceCode\src\Graphics\Manager\OpenGL4\OpenGL4Manager_RenderFlow.cpp">
      <Filter>src\Graphics\Manager\OpenGL4</Filter>
    </ClCompile>
    <ClCompile Include="..\..\..\SourceCode\src\Graphics\Manager\OpenGL4\OpenGL4Manager_Texture.cpp">
      <Filter>src\Graphics\Manager\OpenGL4</Filter>
    </ClCompile>
    <ClCompile Include="..\..\..\SourceCode\src\Graphics\Manager\OpenGL4\OpenGL4Manager_VertexBuffer.cpp">
      <Filter>src\Graphics\Manager\OpenGL4</Filter>
    </ClCompile>
    <ClCompile Include="..\..\..\SourceCode\src\Graphics\Manager\Vulkan\VulkanManager.cpp">
      <Filter>src\Graphics\Manager\Vulkan</Filter>
    </ClCompile>
    <ClCompile Include="..\..\..\SourceCode\src\Graphics\Manager\Vulkan\VulkanManager_InitializeVulkan.cpp">
      <Filter>src\Graphics\Manager\Vulkan</Filter>
    </ClCompile>
    <ClCompile Include="..\..\..\SourceCode\src\Graphics\Manager\Vulkan\VulkanManager_PrintInformation.cpp">
      <Filter>src\Graphics\Manager\Vulkan</Filter>
    </ClCompile>
    <ClCompile Include="..\..\..\SourceCode\src\Graphics\Manager\Vulkan\VulkanManager_RenderFlow.cpp">
      <Filter>src\Graphics\Manager\Vulkan</Filter>
    </ClCompile>
    <ClCompile Include="..\..\..\SourceCode\src\Graphics\Manager\Vulkan\VulkanManager_Texture.cpp">
      <Filter>src\Graphics\Manager\Vulkan</Filter>
    </ClCompile>
    <ClCompile Include="..\..\..\SourceCode\src\Graphics\Manager\Vulkan\VulkanManager_VertexBuffer.cpp">
      <Filter>src\Graphics\Manager\Vulkan</Filter>
    </ClCompile>
    <ClCompile Include="..\..\..\SourceCode\src\Graphics\Manager\Vulkan\VulkanManager_VKBuffer.cpp">
      <Filter>src\Graphics\Manager\Vulkan</Filter>
    </ClCompile>
    <ClCompile Include="..\..\..\SourceCode\src\Graphics\Manager\Vulkan\VulkanManager_VKDeviceMemory.cpp">
      <Filter>src\Graphics\Manager\Vulkan</Filter>
    </ClCompile>
    <ClCompile Include="..\..\..\SourceCode\src\Graphics\Manager\Vulkan\VulkanManager_VKImage.cpp">
      <Filter>src\Graphics\Manager\Vulkan</Filter>
    </ClCompile>
    <ClCompile Include="..\..\..\SourceCode\src\Graphics\Manager\Vulkan\VulkanManager_VKLayout.cpp">
      <Filter>src\Graphics\Manager\Vulkan</Filter>
    </ClCompile>
    <ClCompile Include="..\..\..\SourceCode\src\Graphics\Manager\Vulkan\VulkanManager_VKRenderPass.cpp">
      <Filter>src\Graphics\Manager\Vulkan</Filter>
    </ClCompile>
    <ClCompile Include="..\..\..\SourceCode\src\Graphics\Manager\Vulkan\VulkanManager_VKSampler.cpp">
      <Filter>src\Graphics\Manager\Vulkan</Filter>
    </ClCompile>
    <ClCompile Include="..\..\..\SourceCode\src\Graphics\Manager\Vulkan\VulkanManager_VKShaderModule.cpp">
      <Filter>src\Graphics\Manager\Vulkan</Filter>
    </ClCompile>
    <ClCompile Include="..\..\..\SourceCode\src\Graphics\Vec\Color4f.cpp">
      <Filter>src\Graphics\Vec</Filter>
    </ClCompile>
    <ClCompile Include="..\..\..\SourceCode\src\Graphics\Vec\Vec.cpp">
      <Filter>src\Graphics\Vec</Filter>
    </ClCompile>
    <ClCompile Include="..\..\..\SourceCode\src\Graphics\ManagerParam\VertexBufferUsage.cpp">
      <Filter>src\Graphics\ManagerParam</Filter>
    </ClCompile>
    <ClCompile Include="..\..\..\SourceCode\src\Graphics\ManagerParam\Vulkan\AttachmentOperator_Vulkan.cpp">
      <Filter>src\Graphics\ManagerParam\Vulkan</Filter>
    </ClCompile>
    <ClCompile Include="..\..\..\SourceCode\src\Graphics\ManagerParam\Vulkan\BlendFactor_Vulkan.cpp">
      <Filter>src\Graphics\ManagerParam\Vulkan</Filter>
    </ClCompile>
    <ClCompile Include="..\..\..\SourceCode\src\Graphics\ManagerParam\Vulkan\BlendOperator_Vulkan.cpp">
      <Filter>src\Graphics\ManagerParam\Vulkan</Filter>
    </ClCompile>
    <ClCompile Include="..\..\..\SourceCode\src\Graphics\ManagerParam\Vulkan\CompareOp_Vulkan.cpp">
      <Filter>src\Graphics\ManagerParam\Vulkan</Filter>
    </ClCompile>
    <ClCompile Include="..\..\..\SourceCode\src\Graphics\ManagerParam\Vulkan\DependencyScope_Vulkan.cpp">
      <Filter>src\Graphics\ManagerParam\Vulkan</Filter>
    </ClCompile>
    <ClCompile Include="..\..\..\SourceCode\src\Graphics\ManagerParam\Vulkan\DynamicState_Vulkan.cpp">
      <Filter>src\Graphics\ManagerParam\Vulkan</Filter>
    </ClCompile>
    <ClCompile Include="..\..\..\SourceCode\src\Graphics\ManagerParam\Vulkan\FaceCulling_Vulkan.cpp">
      <Filter>src\Graphics\ManagerParam\Vulkan</Filter>
    </ClCompile>
    <ClCompile Include="..\..\..\SourceCode\src\Graphics\ManagerParam\Vulkan\FrontFaceMode_Vulkan.cpp">
      <Filter>src\Graphics\ManagerParam\Vulkan</Filter>
    </ClCompile>
    <ClCompile Include="..\..\..\SourceCode\src\Graphics\ManagerParam\Vulkan\ImageLayout_Vulkan.cpp">
      <Filter>src\Graphics\ManagerParam\Vulkan</Filter>
    </ClCompile>
    <ClCompile Include="..\..\..\SourceCode\src\Graphics\ManagerParam\Vulkan\LogicOperator_Vulkan.cpp">
      <Filter>src\Graphics\ManagerParam\Vulkan</Filter>
    </ClCompile>
    <ClCompile Include="..\..\..\SourceCode\src\Graphics\ManagerParam\Vulkan\MemoryAccessMask_Vulkan.cpp">
      <Filter>src\Graphics\ManagerParam\Vulkan</Filter>
    </ClCompile>
    <ClCompile Include="..\..\..\SourceCode\src\Graphics\ManagerParam\Vulkan\PipelineBindPoint_Vulkan.cpp">
      <Filter>src\Graphics\ManagerParam\Vulkan</Filter>
    </ClCompile>
    <ClCompile Include="..\..\..\SourceCode\src\Graphics\ManagerParam\Vulkan\PipelineStage_Vulkan.cpp">
      <Filter>src\Graphics\ManagerParam\Vulkan</Filter>
    </ClCompile>
    <ClCompile Include="..\..\..\SourceCode\src\Graphics\ManagerParam\Vulkan\PolygonMode_Vulkan.cpp">
      <Filter>src\Graphics\ManagerParam\Vulkan</Filter>
    </ClCompile>
    <ClCompile Include="..\..\..\SourceCode\src\Graphics\ManagerParam\Vulkan\Primitive_Vulkan.cpp">
      <Filter>src\Graphics\ManagerParam\Vulkan</Filter>
    </ClCompile>
    <ClCompile Include="..\..\..\SourceCode\src\Graphics\ManagerParam\Vulkan\SampleCount_Vulkan.cpp">
      <Filter>src\Graphics\ManagerParam\Vulkan</Filter>
    </ClCompile>
    <ClCompile Include="..\..\..\SourceCode\src\Graphics\ManagerParam\Vulkan\SamplerBorderColorType_Vulkan.cpp">
      <Filter>src\Graphics\ManagerParam\Vulkan</Filter>
    </ClCompile>
    <ClCompile Include="..\..\..\SourceCode\src\Graphics\ManagerParam\Vulkan\SamplerFilterType_Vulkan.cpp">
      <Filter>src\Graphics\ManagerParam\Vulkan</Filter>
    </ClCompile>
    <ClCompile Include="..\..\..\SourceCode\src\Graphics\ManagerParam\Vulkan\SamplerMipmapMode_Vulkan.cpp">
      <Filter>src\Graphics\ManagerParam\Vulkan</Filter>
    </ClCompile>
    <ClCompile Include="..\..\..\SourceCode\src\Graphics\ManagerParam\Vulkan\SamplerWrapMode_Vulkan.cpp">
      <Filter>src\Graphics\ManagerParam\Vulkan</Filter>
    </ClCompile>
    <ClCompile Include="..\..\..\SourceCode\src\Graphics\ManagerParam\Vulkan\ShaderKind_Vulkan.cpp">
      <Filter>src\Graphics\ManagerParam\Vulkan</Filter>
    </ClCompile>
    <ClCompile Include="..\..\..\SourceCode\src\Graphics\ManagerParam\Vulkan\StencilOperator_Vulkan.cpp">
      <Filter>src\Graphics\ManagerParam\Vulkan</Filter>
    </ClCompile>
    <ClCompile Include="..\..\..\SourceCode\src\Graphics\ManagerParam\Vulkan\TextureFormat_Vulkan.cpp">
      <Filter>src\Graphics\ManagerParam\Vulkan</Filter>
    </ClCompile>
    <ClCompile Include="..\..\..\SourceCode\src\Graphics\ManagerParam\Vulkan\TextureType_Vulkan.cpp">
      <Filter>src\Graphics\ManagerParam\Vulkan</Filter>
    </ClCompile>
    <ClCompile Include="..\..\..\SourceCode\src\Graphics\ManagerParam\Vulkan\VertexBufferFormat_Vulkan.cpp">
      <Filter>src\Graphics\ManagerParam\Vulkan</Filter>
    </ClCompile>
    <ClCompile Include="..\..\..\SourceCode\src\Graphics\ManagerParam\Vulkan\VertexInputRate_Vulkan.cpp">
      <Filter>src\Graphics\ManagerParam\Vulkan</Filter>
    </ClCompile>
    <ClCompile Include="..\..\..\SourceCode\src\Graphics\VertexBuffer\DynamicVertexBuffer.cpp">
      <Filter>src\Graphics\VertexBuffer</Filter>
    </ClCompile>
    <ClCompile Include="..\..\..\SourceCode\src\Graphics\VertexBuffer\StaticVertexBuffer.cpp">
      <Filter>src\Graphics\VertexBuffer</Filter>
    </ClCompile>
    <ClCompile Include="..\..\..\SourceCode\src\Graphics\VertexBuffer\VertexBuffer.cpp">
      <Filter>src\Graphics\VertexBuffer</Filter>
    </ClCompile>
    <ClCompile Include="..\..\..\SourceCode\src\Graphics\ManagerIdentity\GraphicsPipelineIdentity.cpp">
      <Filter>src\Graphics\ManagerIdentity</Filter>
    </ClCompile>
    <ClCompile Include="..\..\..\SourceCode\src\Graphics\ManagerIdentity\RenderPassIdentity.cpp">
      <Filter>src\Graphics\ManagerIdentity</Filter>
    </ClCompile>
    <ClCompile Include="..\..\..\SourceCode\src\Graphics\ManagerIdentity\SamplerIdentity.cpp">
      <Filter>src\Graphics\ManagerIdentity</Filter>
    </ClCompile>
    <ClCompile Include="..\..\..\SourceCode\src\Graphics\ManagerIdentity\ShaderModuleIdentity.cpp">
      <Filter>src\Graphics\ManagerIdentity</Filter>
    </ClCompile>
    <ClCompile Include="..\..\..\SourceCode\src\Graphics\ManagerIdentity\TextureIdentity.cpp">
      <Filter>src\Graphics\ManagerIdentity</Filter>
    </ClCompile>
    <ClCompile Include="..\..\..\SourceCode\src\Graphics\ManagerIdentity\VertexBufferIdentity.cpp">
      <Filter>src\Graphics\ManagerIdentity</Filter>
    </ClCompile>
    <ClCompile Include="..\..\..\SourceCode\src\Graphics\ImageLoader\Bitmap.cpp">
      <Filter>src\Graphics\ImageLoader</Filter>
    </ClCompile>
    <ClCompile Include="..\..\..\SourceCode\src\Graphics\ImageLoader\ImageLoader.cpp">
      <Filter>src\Graphics\ImageLoader</Filter>
    </ClCompile>
    <ClCompile Include="..\..\..\SourceCode\src\Graphics\ImageLoader\Windows\WindowsImageLoader.cpp">
      <Filter>src\Graphics\ImageLoader\Windows</Filter>
    </ClCompile>
    <ClCompile Include="..\..\..\SourceCode\src\Graphics\Texture\Texture.cpp">
      <Filter>src\Graphics\Texture</Filter>
    </ClCompile>
    <ClCompile Include="..\..\..\SourceCode\src\Graphics\ModelImporter\AssimpLogWarpper.cpp">
      <Filter>src\Graphics\ModelImporter</Filter>
    </ClCompile>
    <ClCompile Include="..\..\..\SourceCode\src\Graphics\ModelImporter\AssimpModelLoader.cpp">
      <Filter>src\Graphics\ModelImporter</Filter>
    </ClCompile>
    <ClCompile Include="..\..\..\SourceCode\src\Graphics\ModelImporter\MaterialData.cpp">
      <Filter>src\Graphics\ModelImporter</Filter>
    </ClCompile>
    <ClCompile Include="..\..\..\SourceCode\src\Graphics\ModelImporter\MeshData.cpp">
      <Filter>src\Graphics\ModelImporter</Filter>
    </ClCompile>
    <ClCompile Include="..\..\..\SourceCode\src\Graphics\ModelImporter\ModelData.cpp">
      <Filter>src\Graphics\ModelImporter</Filter>
    </ClCompile>
    <ClCompile Include="..\..\..\SourceCode\src\Graphics\Mesh\Mesh.cpp">
      <Filter>src\Graphics\Mesh</Filter>
    </ClCompile>
    <ClCompile Include="..\..\..\SourceCode\src\Graphics\Material\BasicParameter.cpp">
      <Filter>src\Graphics\Material</Filter>
    </ClCompile>
    <ClCompile Include="..\..\..\SourceCode\src\Graphics\Material\BasicTextures.cpp">
      <Filter>src\Graphics\Material</Filter>
    </ClCompile>
    <ClCompile Include="..\..\..\SourceCode\src\Graphics\Material\LightParameter.cpp">
      <Filter>src\Graphics\Material</Filter>
    </ClCompile>
    <ClCompile Include="..\..\..\SourceCode\src\Graphics\Material\MaterialParameter.cpp">
      <Filter>src\Graphics\Material</Filter>
    </ClCompile>
    <ClCompile Include="..\..\..\SourceCode\src\Graphics\RenderFlow\AttachmentDescription.cpp">
      <Filter>src\Graphics\RenderFlow</Filter>
    </ClCompile>
    <ClCompile Include="..\..\..\SourceCode\src\Graphics\RenderFlow\AttachmentReference.cpp">
      <Filter>src\Graphics\RenderFlow</Filter>
    </ClCompile>
    <ClCompile Include="..\..\..\SourceCode\src\Graphics\RenderFlow\GraphicsPipeline.cpp">
      <Filter>src\Graphics\RenderFlow</Filter>
    </ClCompile>
    <ClCompile Include="..\..\..\SourceCode\src\Graphics\RenderFlow\GraphicsPipelineParam.cpp">
      <Filter>src\Graphics\RenderFlow</Filter>
    </ClCompile>
    <ClCompile Include="..\..\..\SourceCode\src\Graphics\RenderFlow\RenderPass.cpp">
      <Filter>src\Graphics\RenderFlow</Filter>
    </ClCompile>
    <ClCompile Include="..\..\..\SourceCode\src\Graphics\RenderFlow\ShaderModule.cpp">
      <Filter>src\Graphics\RenderFlow</Filter>
    </ClCompile>
    <ClCompile Include="..\..\..\SourceCode\src\Graphics\RenderFlow\SubpassDependency.cpp">
      <Filter>src\Graphics\RenderFlow</Filter>
    </ClCompile>
    <ClCompile Include="..\..\..\SourceCode\src\Graphics\RenderFlow\SubpassDescription.cpp">
      <Filter>src\Graphics\RenderFlow</Filter>
    </ClCompile>
    <ClCompile Include="..\..\..\SourceCode\src\Graphics\RenderFlow\VertexAttribDescription.cpp">
      <Filter>src\Graphics\RenderFlow</Filter>
    </ClCompile>
  </ItemGroup>
</Project>