<?xml version="1.0" encoding="utf-8"?>
<Project ToolsVersion="4.0" xmlns="http://schemas.microsoft.com/developer/msbuild/2003">
  <ItemGroup>
    <Filter Include="include">
      <UniqueIdentifier>{93995380-89BD-4b04-88EB-625FBE52EBFB}</UniqueIdentifier>
      <Extensions>h;hh;hpp;hxx;hm;inl;inc;ipp;xsd</Extensions>
    </Filter>
    <Filter Include="src">
      <UniqueIdentifier>{67DA6AB6-F800-4c08-8B7A-83BB121AAD01}</UniqueIdentifier>
      <Extensions>rc;ico;cur;bmp;dlg;rc2;rct;bin;rgs;gif;jpg;jpeg;jpe;resx;tiff;tif;png;wav;mfcribbon-ms</Extensions>
    </Filter>
    <Filter Include="src\Basic">
      <UniqueIdentifier>{e02d3ffd-582b-4c1e-b9f4-7d9da4fc79e6}</UniqueIdentifier>
    </Filter>
    <Filter Include="src\Math">
      <UniqueIdentifier>{d00ce229-9c92-4932-92ee-f1902724a409}</UniqueIdentifier>
    </Filter>
    <Filter Include="src\Graphics">
      <UniqueIdentifier>{1840b7bd-5f93-4230-8450-2ac3f026a4fd}</UniqueIdentifier>
    </Filter>
    <Filter Include="src\Basic\LogManager">
      <UniqueIdentifier>{e86138d1-cd8d-40b0-885f-38ef957be6ac}</UniqueIdentifier>
    </Filter>
    <Filter Include="include\Basic">
      <UniqueIdentifier>{5fc76e85-354e-4bec-909e-491fb793981e}</UniqueIdentifier>
    </Filter>
    <Filter Include="include\Basic\LogManager">
      <UniqueIdentifier>{8bb0f0b9-9ee4-4b7c-8239-84d48c41ad28}</UniqueIdentifier>
    </Filter>
    <Filter Include="include\Basic\LogManager\Windows">
      <UniqueIdentifier>{12f078d3-6ed0-49a5-ae1b-233e8b287af3}</UniqueIdentifier>
    </Filter>
    <Filter Include="src\Basic\LogManager\Windows">
      <UniqueIdentifier>{40a92655-e45b-4451-b77e-ecadf1d63f7e}</UniqueIdentifier>
    </Filter>
    <Filter Include="include\Basic\Application">
      <UniqueIdentifier>{160d0df7-c49c-4fb2-8ec2-d2563c2bf59c}</UniqueIdentifier>
    </Filter>
    <Filter Include="src\Basic\Application">
      <UniqueIdentifier>{92fd383b-30b7-45e6-a6b8-f69958c9430f}</UniqueIdentifier>
    </Filter>
    <Filter Include="include\Graphics">
      <UniqueIdentifier>{44b931ee-a748-439b-809c-c44b4ec11fcd}</UniqueIdentifier>
    </Filter>
    <Filter Include="include\Graphics\Resolution">
      <UniqueIdentifier>{fb26df33-f551-4351-8038-8adbc09ad439}</UniqueIdentifier>
    </Filter>
    <Filter Include="include\Graphics\Manager">
      <UniqueIdentifier>{56245db8-5511-4994-b61c-841c471d71df}</UniqueIdentifier>
    </Filter>
    <Filter Include="src\Graphics\Manager">
      <UniqueIdentifier>{87ca5a7c-a5b0-4285-a891-2b23db19f7ff}</UniqueIdentifier>
    </Filter>
    <Filter Include="src\Graphics\Manager\OpenGL4">
      <UniqueIdentifier>{7c5e7bc4-b290-4a5b-bc37-da4767af121b}</UniqueIdentifier>
    </Filter>
    <Filter Include="src\Graphics\Manager\Vulkan">
      <UniqueIdentifier>{c9089b5e-dc92-48fa-aa50-950fc208db90}</UniqueIdentifier>
    </Filter>
    <Filter Include="include\Graphics\Manager\OpenGL4">
      <UniqueIdentifier>{8ac79b11-6a06-474f-8396-e37089110610}</UniqueIdentifier>
    </Filter>
    <Filter Include="include\Graphics\Manager\Vulkan">
      <UniqueIdentifier>{869f5bd8-171e-4cd4-9fe7-69c790c84ea8}</UniqueIdentifier>
    </Filter>
    <Filter Include="include\Basic\Timer">
      <UniqueIdentifier>{cf196ed9-bd77-41ea-9bec-17c4012feccf}</UniqueIdentifier>
    </Filter>
    <Filter Include="src\Basic\Timer">
      <UniqueIdentifier>{c7e2dd17-9353-4cf7-a052-c89e9539ef20}</UniqueIdentifier>
    </Filter>
    <Filter Include="src\Basic\Timer\Windows">
      <UniqueIdentifier>{ba69d55b-a7ae-4353-ba4b-5b733a535b88}</UniqueIdentifier>
    </Filter>
    <Filter Include="include\Basic\Timer\Windows">
      <UniqueIdentifier>{c8413857-4856-4d3f-8175-686c74047c5e}</UniqueIdentifier>
    </Filter>
    <Filter Include="include\Basic\FileSystem">
      <UniqueIdentifier>{b3d9fde5-b162-43f0-9057-da9fb4a28023}</UniqueIdentifier>
    </Filter>
    <Filter Include="include\Basic\FileSystem\Windows">
      <UniqueIdentifier>{1d5de13a-8dfd-408e-8cae-680440736d85}</UniqueIdentifier>
    </Filter>
    <Filter Include="include\Graphics\FileSystem">
      <UniqueIdentifier>{433165fc-ce52-4caf-9ec7-068097b09268}</UniqueIdentifier>
    </Filter>
    <Filter Include="include\Graphics\FileSystem\Windows">
      <UniqueIdentifier>{b9a1b15c-46c5-42fc-a59b-adde8f16e6a0}</UniqueIdentifier>
    </Filter>
  </ItemGroup>
  <ItemGroup>
    <ClCompile Include="..\..\..\SourceCode\src\SDEngineCommonFunction.cpp">
      <Filter>src</Filter>
    </ClCompile>
    <ClCompile Include="..\..\..\SourceCode\src\Basic\LogManager\LogManager.cpp">
      <Filter>src\Basic\LogManager</Filter>
    </ClCompile>
    <ClCompile Include="..\..\..\SourceCode\src\Basic\LogManager\Windows\WindowsLogManager.cpp">
      <Filter>src\Basic\LogManager\Windows</Filter>
    </ClCompile>
    <ClCompile Include="..\..\..\SourceCode\src\Basic\Application\Application.cpp">
      <Filter>src\Basic\Application</Filter>
    </ClCompile>
    <ClCompile Include="..\..\..\SourceCode\src\Graphics\Manager\GraphicsAPI.cpp">
      <Filter>src\Graphics\Manager</Filter>
    </ClCompile>
    <ClCompile Include="..\..\..\SourceCode\src\Graphics\Manager\OpenGL4\OpenGL4API.cpp">
      <Filter>src\Graphics\Manager\OpenGL4</Filter>
    </ClCompile>
    <ClCompile Include="..\..\..\SourceCode\src\Basic\Timer\Windows\WindowsTimer.cpp">
      <Filter>src\Basic\Timer\Windows</Filter>
    </ClCompile>
    <ClCompile Include="..\..\..\SourceCode\src\Basic\Timer\Timer.cpp">
      <Filter>src\Basic\Timer</Filter>
    </ClCompile>
    <ClCompile Include="..\..\..\SourceCode\src\Basic\FileSystem\FileSystemManager.cpp">
      <Filter>include\Graphics\FileSystem</Filter>
    </ClCompile>
    <ClCompile Include="..\..\..\SourceCode\src\Basic\FileSystem\Windows\WindowsFileSystemManager.cpp">
      <Filter>include\Graphics\FileSystem\Windows</Filter>
    </ClCompile>
    <ClCompile Include="..\..\..\SourceCode\src\Basic\FileSystem\FileData.cpp">
      <Filter>include\Graphics\FileSystem</Filter>
    </ClCompile>
  </ItemGroup>
  <ItemGroup>
    <ClInclude Include="..\..\..\SourceCode\include\SDEngineCommonFunction.h">
      <Filter>include</Filter>
    </ClInclude>
    <ClInclude Include="..\..\..\SourceCode\include\SDEngineCommonType.h">
      <Filter>include</Filter>
    </ClInclude>
    <ClInclude Include="..\..\..\SourceCode\include\SDEngineMacro.h">
      <Filter>include</Filter>
    </ClInclude>
    <ClInclude Include="..\..\..\SourceCode\include\SDEngine.h">
      <Filter>include</Filter>
    </ClInclude>
    <ClInclude Include="..\..\..\SourceCode\include\Basic\LogManager\LogManager.h">
      <Filter>include\Basic\LogManager</Filter>
    </ClInclude>
    <ClInclude Include="..\..\..\SourceCode\include\Basic\LogManager\Windows\WindowsLogManager.h">
      <Filter>include\Basic\LogManager\Windows</Filter>
    </ClInclude>
    <ClInclude Include="..\..\..\SourceCode\include\Basic\Application\Application.h">
      <Filter>include\Basic\Application</Filter>
    </ClInclude>
    <ClInclude Include="..\..\..\SourceCode\include\Graphics\Resolution\Resolution.h">
      <Filter>include\Graphics\Resolution</Filter>
    </ClInclude>
    <ClInclude Include="..\..\..\SourceCode\include\Graphics\Manager\GraphicsAPI.h">
      <Filter>include\Graphics\Manager</Filter>
    </ClInclude>
    <ClInclude Include="..\..\..\SourceCode\include\Graphics\Manager\OpenGL4\OpenGL4API.h">
      <Filter>include\Graphics\Manager\OpenGL4</Filter>
    </ClInclude>
    <ClInclude Include="..\..\..\SourceCode\include\Basic\Timer\Windows\WindowsTimer.h">
      <Filter>include\Basic\Timer\Windows</Filter>
    </ClInclude>
    <ClInclude Include="..\..\..\SourceCode\include\Basic\Timer\Timer.h">
      <Filter>include\Basic\Timer</Filter>
    </ClInclude>
    <ClInclude Include="..\..\..\SourceCode\include\Basic\FileSystem\FileSystemManager.h">
      <Filter>include\Basic\FileSystem</Filter>
    </ClInclude>
    <ClInclude Include="..\..\..\SourceCode\include\Basic\FileSystem\Windows\WindowsFileSystemManager.h">
      <Filter>include\Basic\FileSystem\Windows</Filter>
    </ClInclude>
    <ClInclude Include="..\..\..\SourceCode\include\Basic\FileSystem\FileData.h">
      <Filter>include\Basic\FileSystem</Filter>
    </ClInclude>
  </ItemGroup>
</Project>