<?xml version="1.0" encoding="utf-8"?>
<Project ToolsVersion="4.0" xmlns="http://schemas.microsoft.com/developer/msbuild/2003">
  <ItemGroup>
    <Filter Include="src">
      <UniqueIdentifier>{4FC737F1-C7A5-4376-A066-2A32D752A2FF}</UniqueIdentifier>
      <Extensions>cpp;c;cc;cxx;def;odl;idl;hpj;bat;asm;asmx</Extensions>
    </Filter>
    <Filter Include="include">
      <UniqueIdentifier>{93995380-89BD-4b04-88EB-625FBE52EBFB}</UniqueIdentifier>
      <Extensions>h;hh;hpp;hxx;hm;inl;inc;ipp;xsd</Extensions>
    </Filter>
    <Filter Include="shader">
      <UniqueIdentifier>{c84c01f7-bcc9-4fe5-8f81-d844b77cfdbf}</UniqueIdentifier>
    </Filter>
  </ItemGroup>
  <ItemGroup>
    <ClInclude Include="VulkanTestGLFWApplication.h">
      <Filter>include</Filter>
    </ClInclude>
    <ClInclude Include="..\..\Common\UnitTest_VulkanAPI\Code\Sample.h">
      <Filter>include</Filter>
    </ClInclude>
    <ClInclude Include="..\..\Common\UnitTest_VulkanAPI\Code\Sample1_DrawTriangle.h">
      <Filter>include</Filter>
    </ClInclude>
    <ClInclude Include="..\..\Common\UnitTest_VulkanAPI\Code\Sample2_DrawScene.h">
      <Filter>include</Filter>
    </ClInclude>
    <ClInclude Include="..\..\Common\UnitTest_VulkanAPI\Code\Sample3_MultiSubpass.h">
      <Filter>include</Filter>
    </ClInclude>
    <ClInclude Include="..\..\Common\UnitTest_VulkanAPI\Code\VulkanAPITestManager.h">
      <Filter>include</Filter>
    </ClInclude>
    <ClInclude Include="..\..\Common\UnitTest_VulkanAPI\Code\Sample4_DrawObjects.h">
      <Filter>include</Filter>
    </ClInclude>
    <ClInclude Include="..\..\Common\UnitTest_VulkanAPI\Code\CommandRecordingThread.h">
      <Filter>include</Filter>
    </ClInclude>
    <ClInclude Include="..\..\Common\UnitTest_VulkanAPI\Code\CommandRecordingThreadV2.h">
      <Filter>include</Filter>
    </ClInclude>
  </ItemGroup>
  <ItemGroup>
    <ClCompile Include="main.cpp">
      <Filter>src</Filter>
    </ClCompile>
    <ClCompile Include="VulkanTestGLFWApplication.cpp">
      <Filter>src</Filter>
    </ClCompile>
    <ClCompile Include="..\..\Common\UnitTest_VulkanAPI\Code\Sample.cpp">
      <Filter>src</Filter>
    </ClCompile>
    <ClCompile Include="..\..\Common\UnitTest_VulkanAPI\Code\Sample1_DrawTriangle.cpp">
      <Filter>src</Filter>
    </ClCompile>
    <ClCompile Include="..\..\Common\UnitTest_VulkanAPI\Code\Sample2_DrawScene.cpp">
      <Filter>src</Filter>
    </ClCompile>
    <ClCompile Include="..\..\Common\UnitTest_VulkanAPI\Code\Sample3_MultiSubpass.cpp">
      <Filter>src</Filter>
    </ClCompile>
    <ClCompile Include="..\..\Common\UnitTest_VulkanAPI\Code\VulkanAPITestManager.cpp">
      <Filter>src</Filter>
    </ClCompile>
    <ClCompile Include="..\..\Common\UnitTest_VulkanAPI\Code\VulkanAPITestManager_ScreenRenderer.cpp">
      <Filter>src</Filter>
    </ClCompile>
    <ClCompile Include="..\..\Common\UnitTest_VulkanAPI\Code\Sample4_DrawObjects.cpp">
      <Filter>src</Filter>
    </ClCompile>
    <ClCompile Include="..\..\Common\UnitTest_VulkanAPI\Code\CommandRecordingThread.cpp">
      <Filter>src</Filter>
    </ClCompile>
    <ClCompile Include="..\..\Common\UnitTest_VulkanAPI\Code\CommandRecordingThreadV2.cpp">
      <Filter>src</Filter>
    </ClCompile>
  </ItemGroup>
  <ItemGroup>
    <None Include="..\..\..\Bin\UnitTest\Assets\UnitTest_VulkanAPI\Shader\PhongShader.vert">
      <Filter>shader</Filter>
    </None>
    <None Include="..\..\..\Bin\UnitTest\Assets\UnitTest_VulkanAPI\Shader\TexShader.frag">
      <Filter>shader</Filter>
    </None>
    <None Include="..\..\..\Bin\UnitTest\Assets\UnitTest_VulkanAPI\Shader\TexShader.vert">
      <Filter>shader</Filter>
    </None>
    <None Include="..\..\..\Bin\UnitTest\Assets\UnitTest_VulkanAPI\Shader\MainShader.frag">
      <Filter>shader</Filter>
    </None>
    <None Include="..\..\..\Bin\UnitTest\Assets\UnitTest_VulkanAPI\Shader\MainShader.vert">
      <Filter>shader</Filter>
    </None>
    <None Include="..\..\..\Bin\UnitTest\Assets\UnitTest_VulkanAPI\Shader\PhongShader.frag">
      <Filter>shader</Filter>
    </None>
    <None Include="..\..\..\Bin\UnitTest\Assets\UnitTest_VulkanAPI\Shader\ScreenShader.frag">
      <Filter>shader</Filter>
    </None>
    <None Include="..\..\..\Bin\UnitTest\Assets\UnitTest_VulkanAPI\Shader\ScreenShader.vert">
      <Filter>shader</Filter>
    </None>
  </ItemGroup>
</Project>