<?xml version="1.0" encoding="utf-8"?>
<Project ToolsVersion="4.0" xmlns="http://schemas.microsoft.com/developer/msbuild/2003">
  <ItemGroup>
    <Filter Include="include">
      <UniqueIdentifier>{cb87c320-198c-4fc0-9b21-1fd3cb293208}</UniqueIdentifier>
    </Filter>
    <Filter Include="src">
      <UniqueIdentifier>{1773d3be-f385-418a-93ca-e1c81c68a7d7}</UniqueIdentifier>
    </Filter>
  </ItemGroup>
  <ItemGroup>
    <ClInclude Include="..\..\..\SourceCode\include\Application\Android\AndroidApplication.h">
      <Filter>include</Filter>
    </ClInclude>
    <ClInclude Include="..\..\..\SourceCode\include\Application\Android\AndroidEnvAttacher.h">
      <Filter>include</Filter>
    </ClInclude>
  </ItemGroup>
  <ItemGroup>
    <ClCompile Include="..\..\..\SourceCode\src\Application\Android\AndroidApplication.cpp">
      <Filter>src</Filter>
    </ClCompile>
    <ClCompile Include="..\..\..\SourceCode\src\Application\Android\AndroidEnvAttacher.cpp">
      <Filter>src</Filter>
    </ClCompile>
  </ItemGroup>
</Project>