<?xml version="1.0" encoding="utf-8"?>
<Project ToolsVersion="4.0" xmlns="http://schemas.microsoft.com/developer/msbuild/2003">
  <ItemGroup>
    <Filter Include="include">
      <UniqueIdentifier>{1c9ef012-b6b1-4fcc-985e-1aa594bcb5ee}</UniqueIdentifier>
    </Filter>
    <Filter Include="include\Basic">
      <UniqueIdentifier>{676b429b-9257-4d93-8a11-066219124487}</UniqueIdentifier>
    </Filter>
    <Filter Include="include\Basic\LogManager">
      <UniqueIdentifier>{08430330-2e79-4c2f-b254-a11391b8a781}</UniqueIdentifier>
    </Filter>
    <Filter Include="include\Basic\LogManager\Windows">
      <UniqueIdentifier>{72b25c75-2e62-49e2-9aea-667f80db8646}</UniqueIdentifier>
    </Filter>
    <Filter Include="include\Basic\Application">
      <UniqueIdentifier>{217e7243-d4b5-4b61-8dce-d5f75ed47774}</UniqueIdentifier>
    </Filter>
    <Filter Include="include\Basic\Timer">
      <UniqueIdentifier>{1387b70a-af70-4352-a586-760517fd461d}</UniqueIdentifier>
    </Filter>
    <Filter Include="include\Basic\Timer\Windows">
      <UniqueIdentifier>{57e3db65-31c0-4c31-9774-cdd41f9395ef}</UniqueIdentifier>
    </Filter>
    <Filter Include="include\Basic\FileSystem">
      <UniqueIdentifier>{3cc838c5-ec72-4934-842f-69d292774818}</UniqueIdentifier>
    </Filter>
    <Filter Include="include\Basic\FileSystem\Windows">
      <UniqueIdentifier>{100f73f0-443e-4b82-8a1c-06c2e7311850}</UniqueIdentifier>
    </Filter>
    <Filter Include="include\Basic\Object">
      <UniqueIdentifier>{ef1dfb47-362e-48cc-aa47-9bc592107b81}</UniqueIdentifier>
    </Filter>
    <Filter Include="include\Basic\EventSystem">
      <UniqueIdentifier>{b08df6c4-45e9-40dd-8a50-cb0a5333e9e4}</UniqueIdentifier>
    </Filter>
    <Filter Include="include\Graphics">
      <UniqueIdentifier>{539bab27-b189-40cd-bc70-5e7c2da6f083}</UniqueIdentifier>
    </Filter>
    <Filter Include="include\Graphics\Resolution">
      <UniqueIdentifier>{aee81248-a9e6-41a7-a14c-ea576f4c2fa8}</UniqueIdentifier>
    </Filter>
    <Filter Include="include\Graphics\Manager">
      <UniqueIdentifier>{69c4cc7e-4350-48cd-835d-2eb1116096d9}</UniqueIdentifier>
    </Filter>
    <Filter Include="include\Graphics\Manager\OpenGL4">
      <UniqueIdentifier>{1124fdcb-07ba-4b4b-8e67-41c3f76c2a13}</UniqueIdentifier>
    </Filter>
    <Filter Include="include\Graphics\Manager\Vulkan">
      <UniqueIdentifier>{285312bb-c34a-432d-b21a-5c00581bd09c}</UniqueIdentifier>
    </Filter>
    <Filter Include="include\Graphics\Vec">
      <UniqueIdentifier>{2ac4298b-9836-4e59-bca1-a8e614a46215}</UniqueIdentifier>
    </Filter>
    <Filter Include="include\Math">
      <UniqueIdentifier>{44e48b2c-b7a1-40e7-8591-72fb7da225ad}</UniqueIdentifier>
    </Filter>
    <Filter Include="src">
      <UniqueIdentifier>{7e191a8b-3476-4ee8-8737-9b7a3908c3f0}</UniqueIdentifier>
    </Filter>
    <Filter Include="src\Basic">
      <UniqueIdentifier>{4ae652fa-d196-47a8-b055-9357387bc234}</UniqueIdentifier>
    </Filter>
    <Filter Include="src\Basic\LogManager">
      <UniqueIdentifier>{5cf3c2aa-c6ea-4b46-83d1-4e222bdf9a54}</UniqueIdentifier>
    </Filter>
    <Filter Include="src\Basic\Application">
      <UniqueIdentifier>{5521e058-65ae-46d3-aa16-02a44316553d}</UniqueIdentifier>
    </Filter>
    <Filter Include="src\Basic\Timer">
      <UniqueIdentifier>{6afabdd2-f560-4f8b-9b87-df84fb08fd78}</UniqueIdentifier>
    </Filter>
    <Filter Include="src\Basic\Object">
      <UniqueIdentifier>{c49acc7b-6ae3-428b-8e84-1cdc365fad6b}</UniqueIdentifier>
    </Filter>
    <Filter Include="src\Basic\EventSystem">
      <UniqueIdentifier>{808ade8c-1f51-4988-b505-37b3b1c50164}</UniqueIdentifier>
    </Filter>
    <Filter Include="src\Basic\FileSystem">
      <UniqueIdentifier>{7efd85b8-c4ef-4764-8bf3-cde8d5df984e}</UniqueIdentifier>
    </Filter>
    <Filter Include="src\Math">
      <UniqueIdentifier>{5f597a9c-1b34-453e-a976-09bcbf47f3dc}</UniqueIdentifier>
    </Filter>
    <Filter Include="src\Graphics">
      <UniqueIdentifier>{edcab970-2b73-4172-b575-0d2736e582db}</UniqueIdentifier>
    </Filter>
    <Filter Include="src\Graphics\Manager">
      <UniqueIdentifier>{f155ce09-31b9-4b50-b422-200960aae9f7}</UniqueIdentifier>
    </Filter>
    <Filter Include="src\Graphics\Manager\Vulkan">
      <UniqueIdentifier>{d19fa951-68cd-4694-805a-e79c8d6499ca}</UniqueIdentifier>
    </Filter>
    <Filter Include="src\Graphics\Vec">
      <UniqueIdentifier>{b50cf941-4411-495a-9f04-cbefa747e40f}</UniqueIdentifier>
    </Filter>
    <Filter Include="src\Basic\LogManager\Android">
      <UniqueIdentifier>{291f1a24-09f0-4890-bd94-bf90057dc95a}</UniqueIdentifier>
    </Filter>
    <Filter Include="src\Basic\FileSystem\Android">
      <UniqueIdentifier>{64c1a82b-e2fc-40a3-a931-7b9039eacae1}</UniqueIdentifier>
    </Filter>
    <Filter Include="src\Basic\Timer\Android">
      <UniqueIdentifier>{9fd98192-efa6-4a9c-a3ed-874682eb1c4e}</UniqueIdentifier>
    </Filter>
    <Filter Include="src\Graphics\Manager\GLES">
      <UniqueIdentifier>{f08b50bb-3558-4102-8b0c-5eaa1c0897d5}</UniqueIdentifier>
    </Filter>
  </ItemGroup>
  <ItemGroup>
    <ClInclude Include="..\..\SourceCode\include\SDEngine.h">
      <Filter>include</Filter>
    </ClInclude>
    <ClInclude Include="..\..\SourceCode\include\SDEngineCommonFunction.h">
      <Filter>include</Filter>
    </ClInclude>
    <ClInclude Include="..\..\SourceCode\include\SDEngineCommonType.h">
      <Filter>include</Filter>
    </ClInclude>
    <ClInclude Include="..\..\SourceCode\include\SDEngineMacro.h">
      <Filter>include</Filter>
    </ClInclude>
    <ClInclude Include="..\..\SourceCode\include\SDEnginePlatform.h">
      <Filter>include</Filter>
    </ClInclude>
    <ClInclude Include="..\..\SourceCode\include\Basic\LogManager\LogManager.h">
      <Filter>include\Basic\LogManager</Filter>
    </ClInclude>
    <ClInclude Include="..\..\SourceCode\include\Basic\LogManager\Windows\WindowsLogManager.h">
      <Filter>include\Basic\LogManager\Windows</Filter>
    </ClInclude>
    <ClInclude Include="..\..\SourceCode\include\Basic\Application\Application.h">
      <Filter>include\Basic\Application</Filter>
    </ClInclude>
    <ClInclude Include="..\..\SourceCode\include\Basic\Timer\Timer.h">
      <Filter>include\Basic\Timer</Filter>
    </ClInclude>
    <ClInclude Include="..\..\SourceCode\include\Basic\Timer\Windows\WindowsTimer.h">
      <Filter>include\Basic\Timer\Windows</Filter>
    </ClInclude>
    <ClInclude Include="..\..\SourceCode\include\Basic\FileSystem\FileData.h">
      <Filter>include\Basic\FileSystem</Filter>
    </ClInclude>
    <ClInclude Include="..\..\SourceCode\include\Basic\FileSystem\FileSystemManager.h">
      <Filter>include\Basic\FileSystem</Filter>
    </ClInclude>
    <ClInclude Include="..\..\SourceCode\include\Basic\FileSystem\Windows\WindowsFileSystemManager.h">
      <Filter>include\Basic\FileSystem\Windows</Filter>
    </ClInclude>
    <ClInclude Include="..\..\SourceCode\include\Basic\Object\NullRefException.h">
      <Filter>include\Basic\Object</Filter>
    </ClInclude>
    <ClInclude Include="..\..\SourceCode\include\Basic\Object\Object.h">
      <Filter>include\Basic\Object</Filter>
    </ClInclude>
    <ClInclude Include="..\..\SourceCode\include\Basic\Object\StrongReferenceObject.h">
      <Filter>include\Basic\Object</Filter>
    </ClInclude>
    <ClInclude Include="..\..\SourceCode\include\Basic\Object\WeakReferenceObject.h">
      <Filter>include\Basic\Object</Filter>
    </ClInclude>
    <ClInclude Include="..\..\SourceCode\include\Basic\EventSystem\Event.h">
      <Filter>include\Basic\EventSystem</Filter>
    </ClInclude>
    <ClInclude Include="..\..\SourceCode\include\Basic\EventSystem\EventArg.h">
      <Filter>include\Basic\EventSystem</Filter>
    </ClInclude>
    <ClInclude Include="..\..\SourceCode\include\Basic\EventSystem\EventObject.h">
      <Filter>include\Basic\EventSystem</Filter>
    </ClInclude>
    <ClInclude Include="..\..\SourceCode\include\Basic\EventSystem\FunctionSlot.h">
      <Filter>include\Basic\EventSystem</Filter>
    </ClInclude>
    <ClInclude Include="..\..\SourceCode\include\Graphics\Resolution\Resolution.h">
      <Filter>include\Graphics\Resolution</Filter>
    </ClInclude>
    <ClInclude Include="..\..\SourceCode\include\Graphics\Manager\GraphicsManager.h">
      <Filter>include\Graphics\Manager</Filter>
    </ClInclude>
    <ClInclude Include="..\..\SourceCode\include\Graphics\Manager\OpenGL4\OpenGL4Manager.h">
      <Filter>include\Graphics\Manager\OpenGL4</Filter>
    </ClInclude>
    <ClInclude Include="..\..\SourceCode\include\Graphics\Manager\Vulkan\VulkanCreationArg.h">
      <Filter>include\Graphics\Manager\Vulkan</Filter>
    </ClInclude>
    <ClInclude Include="..\..\SourceCode\include\Graphics\Manager\Vulkan\VulkanManager.h">
      <Filter>include\Graphics\Manager\Vulkan</Filter>
    </ClInclude>
    <ClInclude Include="..\..\SourceCode\include\Graphics\Vec\Color4f.h">
      <Filter>include\Graphics\Vec</Filter>
    </ClInclude>
    <ClInclude Include="..\..\SourceCode\include\Graphics\Vec\Vec.h">
      <Filter>include\Graphics\Vec</Filter>
    </ClInclude>
    <ClInclude Include="..\..\SourceCode\include\Math\Matrix4X4f.h">
      <Filter>include\Math</Filter>
    </ClInclude>
    <ClInclude Include="..\..\SourceCode\include\Math\Quaternion.h">
      <Filter>include\Math</Filter>
    </ClInclude>
    <ClInclude Include="..\..\SourceCode\include\Math\Vector3f.h">
      <Filter>include\Math</Filter>
    </ClInclude>
  </ItemGroup>
  <ItemGroup>
    <ClCompile Include="..\..\SourceCode\src\SDEngineCommonFunction.cpp">
      <Filter>src</Filter>
    </ClCompile>
    <ClCompile Include="..\..\SourceCode\src\Basic\LogManager\LogManager.cpp">
      <Filter>src\Basic\LogManager</Filter>
    </ClCompile>
    <ClCompile Include="..\..\SourceCode\src\Basic\Application\Application.cpp">
      <Filter>src\Basic\Application</Filter>
    </ClCompile>
    <ClCompile Include="..\..\SourceCode\src\Basic\Timer\Timer.cpp">
      <Filter>src\Basic\Timer</Filter>
    </ClCompile>
    <ClCompile Include="..\..\SourceCode\src\Basic\Object\Object.cpp">
      <Filter>src\Basic\Object</Filter>
    </ClCompile>
    <ClCompile Include="..\..\SourceCode\src\Basic\EventSystem\Event.cpp">
      <Filter>src\Basic\EventSystem</Filter>
    </ClCompile>
    <ClCompile Include="..\..\SourceCode\src\Basic\EventSystem\EventArg.cpp">
      <Filter>src\Basic\EventSystem</Filter>
    </ClCompile>
    <ClCompile Include="..\..\SourceCode\src\Basic\EventSystem\EventObject.cpp">
      <Filter>src\Basic\EventSystem</Filter>
    </ClCompile>
    <ClCompile Include="..\..\SourceCode\src\Basic\EventSystem\FunctionSlot.cpp">
      <Filter>src\Basic\EventSystem</Filter>
    </ClCompile>
    <ClCompile Include="..\..\SourceCode\src\Basic\FileSystem\FileData.cpp">
      <Filter>src\Basic\FileSystem</Filter>
    </ClCompile>
    <ClCompile Include="..\..\SourceCode\src\Basic\FileSystem\FileSystemManager.cpp">
      <Filter>src\Basic\FileSystem</Filter>
    </ClCompile>
    <ClCompile Include="..\..\SourceCode\src\Math\Matrix4X4f.cpp">
      <Filter>src\Math</Filter>
    </ClCompile>
    <ClCompile Include="..\..\SourceCode\src\Math\Vector3f.cpp">
      <Filter>src\Math</Filter>
    </ClCompile>
    <ClCompile Include="..\..\SourceCode\src\Math\Quaternion.cpp">
      <Filter>src\Math</Filter>
    </ClCompile>
    <ClCompile Include="..\..\SourceCode\src\Graphics\Manager\GraphicsManager.cpp">
      <Filter>src\Graphics\Manager</Filter>
    </ClCompile>
    <ClCompile Include="..\..\SourceCode\src\Graphics\Manager\Vulkan\VulkanManager.cpp">
      <Filter>src\Graphics\Manager\Vulkan</Filter>
    </ClCompile>
    <ClCompile Include="..\..\SourceCode\src\Graphics\Manager\Vulkan\VulkanManager_InitializeVulkan.cpp">
      <Filter>src\Graphics\Manager\Vulkan</Filter>
    </ClCompile>
    <ClCompile Include="..\..\SourceCode\src\Graphics\Vec\Color4f.cpp">
      <Filter>src\Graphics\Vec</Filter>
    </ClCompile>
    <ClCompile Include="..\..\SourceCode\src\Graphics\Vec\Vec.cpp">
      <Filter>src\Graphics\Vec</Filter>
    </ClCompile>
  </ItemGroup>
</Project>